// !$*UTF8*$!
{
	archiveVersion = 1;
	classes = {
	};
	objectVersion = 56;
	objects = {

/* Begin PBXBuildFile section */
		1E8845EC2BD5FCA41F8203C1 /* Pods_AnimalLibraryUITests.framework in Frameworks */ = {isa = PBXBuildFile; fileRef = B9C32F72C25768A3E2FDE10D /* Pods_AnimalLibraryUITests.framework */; };
		1FD4CA1D97B155B516B8D452 /* Pods_AnimalLibraryTests.framework in Frameworks */ = {isa = PBXBuildFile; fileRef = CD8B73392F42DABD60AFCAC7 /* Pods_AnimalLibraryTests.framework */; };
		363F94A62B5A293600DCA79D /* AnimalCharacteristicsModel.swift in Sources */ = {isa = PBXBuildFile; fileRef = 363F94A52B5A293600DCA79D /* AnimalCharacteristicsModel.swift */; };
		363F94A82B5A2A4B00DCA79D /* AnimalCharacteristicsEntityMapping.swift in Sources */ = {isa = PBXBuildFile; fileRef = 363F94A72B5A2A4B00DCA79D /* AnimalCharacteristicsEntityMapping.swift */; };
		363F94AA2B5A2C4500DCA79D /* AnimalCharacteristicsResponse.swift in Sources */ = {isa = PBXBuildFile; fileRef = 363F94A92B5A2C4500DCA79D /* AnimalCharacteristicsResponse.swift */; };
		363F94AE2B5A8CFA00DCA79D /* AnimalUseCaseImplTest.swift in Sources */ = {isa = PBXBuildFile; fileRef = 363F94AD2B5A8CFA00DCA79D /* AnimalUseCaseImplTest.swift */; };
		363F94B22B5A8D4300DCA79D /* AnimalRespositoryMockImpl.swift in Sources */ = {isa = PBXBuildFile; fileRef = 363F94B12B5A8D4300DCA79D /* AnimalRespositoryMockImpl.swift */; };
		363F94B62B5A943F00DCA79D /* AnimalListViewModelTest.swift in Sources */ = {isa = PBXBuildFile; fileRef = 363F94B52B5A943F00DCA79D /* AnimalListViewModelTest.swift */; };
		363F94B82B5A9BDA00DCA79D /* AnimalListViewControllerTest.swift in Sources */ = {isa = PBXBuildFile; fileRef = 363F94B72B5A9BDA00DCA79D /* AnimalListViewControllerTest.swift */; };
		365D9B022B5E46940032707E /* FavoritesAnimalHeaderView.swift in Sources */ = {isa = PBXBuildFile; fileRef = 365D9B012B5E46940032707E /* FavoritesAnimalHeaderView.swift */; };
		365D9B042B5E4F2A0032707E /* FavoritesAnimalViewModelTest.swift in Sources */ = {isa = PBXBuildFile; fileRef = 365D9B032B5E4F2A0032707E /* FavoritesAnimalViewModelTest.swift */; };
		365D9B062B5E55B70032707E /* AnimalPhotoList.swift in Sources */ = {isa = PBXBuildFile; fileRef = 365D9B052B5E55B70032707E /* AnimalPhotoList.swift */; };
		365D9B082B5E65FC0032707E /* AnimalPicturesViewControllerTest.swift in Sources */ = {isa = PBXBuildFile; fileRef = 365D9B072B5E65FC0032707E /* AnimalPicturesViewControllerTest.swift */; };
		365D9B0A2B5E8F540032707E /* FavoritesAnimalDropDownMenuView.swift in Sources */ = {isa = PBXBuildFile; fileRef = 365D9B092B5E8F540032707E /* FavoritesAnimalDropDownMenuView.swift */; };
		365D9B0C2B5E91D00032707E /* ExtensionUITableView.swift in Sources */ = {isa = PBXBuildFile; fileRef = 365D9B0B2B5E91D00032707E /* ExtensionUITableView.swift */; };
		365D9B0E2B5E93040032707E /* SingleLabelCell.swift in Sources */ = {isa = PBXBuildFile; fileRef = 365D9B0D2B5E93040032707E /* SingleLabelCell.swift */; };
		3676DA9A2B58E43000BCE1C0 /* MainTabBarController.swift in Sources */ = {isa = PBXBuildFile; fileRef = 3676DA992B58E43000BCE1C0 /* MainTabBarController.swift */; };
		3676DA9F2B58E62900BCE1C0 /* FavoritesAnimalViewController.swift in Sources */ = {isa = PBXBuildFile; fileRef = 3676DA9E2B58E62900BCE1C0 /* FavoritesAnimalViewController.swift */; };
		3676DAA12B58E63000BCE1C0 /* FavoritesAnimalViewModel.swift in Sources */ = {isa = PBXBuildFile; fileRef = 3676DAA02B58E63000BCE1C0 /* FavoritesAnimalViewModel.swift */; };
		3676DAA72B5925A500BCE1C0 /* AnimalEntityMapping.swift in Sources */ = {isa = PBXBuildFile; fileRef = 3676DAA62B5925A500BCE1C0 /* AnimalEntityMapping.swift */; };
		3676DAA92B5925BC00BCE1C0 /* AnimalPhotoEntityMapping.swift in Sources */ = {isa = PBXBuildFile; fileRef = 3676DAA82B5925BC00BCE1C0 /* AnimalPhotoEntityMapping.swift */; };
		3676DAAC2B59283D00BCE1C0 /* FavoritesAnimalHeaderView.swift in Sources */ = {isa = PBXBuildFile; fileRef = 3676DAAB2B59283D00BCE1C0 /* FavoritesAnimalHeaderView.swift */; };
		367841622B5CCBA600E629BC /* AnimalPicturesViewModelTest.swift in Sources */ = {isa = PBXBuildFile; fileRef = 367841612B5CCBA600E629BC /* AnimalPicturesViewModelTest.swift */; };
		367F94092B579EA400BAF633 /* AnimalResponseMock.swift in Sources */ = {isa = PBXBuildFile; fileRef = 367F94082B579EA400BAF633 /* AnimalResponseMock.swift */; };
		367F940B2B579EC700BAF633 /* PhotoListResponseMock.swift in Sources */ = {isa = PBXBuildFile; fileRef = 367F940A2B579EC700BAF633 /* PhotoListResponseMock.swift */; };
		367F940E2B579EF100BAF633 /* ExtensionXCTestCase.swift in Sources */ = {isa = PBXBuildFile; fileRef = 367F940D2B579EF100BAF633 /* ExtensionXCTestCase.swift */; };
		367F94122B579F1B00BAF633 /* NetworkSessionMockImpl.swift in Sources */ = {isa = PBXBuildFile; fileRef = 367F94112B579F1B00BAF633 /* NetworkSessionMockImpl.swift */; };
		367F94142B579F7800BAF633 /* NetworkServiceImplTest.swift in Sources */ = {isa = PBXBuildFile; fileRef = 367F94132B579F7800BAF633 /* NetworkServiceImplTest.swift */; };
		367F94162B57A04B00BAF633 /* ExtensionResult.swift in Sources */ = {isa = PBXBuildFile; fileRef = 367F94152B57A04B00BAF633 /* ExtensionResult.swift */; };
		367F94182B57A16E00BAF633 /* DataTransferServiceTest.swift in Sources */ = {isa = PBXBuildFile; fileRef = 367F94172B57A16E00BAF633 /* DataTransferServiceTest.swift */; };
		367F941A2B57A6E000BAF633 /* ImageConstants.swift in Sources */ = {isa = PBXBuildFile; fileRef = 367F94192B57A6E000BAF633 /* ImageConstants.swift */; };
		369549622B5BF65C00FC3155 /* AnimalListItemCellTest.swift in Sources */ = {isa = PBXBuildFile; fileRef = 369549612B5BF65C00FC3155 /* AnimalListItemCellTest.swift */; };
		369549642B5C1CE300FC3155 /* AnimalListHeaderViewTest.swift in Sources */ = {isa = PBXBuildFile; fileRef = 369549632B5C1CE300FC3155 /* AnimalListHeaderViewTest.swift */; };
		369549682B5C1E9000FC3155 /* AnimalPicturesItemCellTest.swift in Sources */ = {isa = PBXBuildFile; fileRef = 369549672B5C1E9000FC3155 /* AnimalPicturesItemCellTest.swift */; };
		3695496A2B5C1EAF00FC3155 /* ExtensionUIButtonConfiguration.swift in Sources */ = {isa = PBXBuildFile; fileRef = 369549692B5C1EAF00FC3155 /* ExtensionUIButtonConfiguration.swift */; };
		3695496C2B5C216400FC3155 /* ExtensionUIImage.swift in Sources */ = {isa = PBXBuildFile; fileRef = 3695496B2B5C216400FC3155 /* ExtensionUIImage.swift */; };
		3695496E2B5C223500FC3155 /* AnimalPhotoMock.swift in Sources */ = {isa = PBXBuildFile; fileRef = 3695496D2B5C223500FC3155 /* AnimalPhotoMock.swift */; };
		369549702B5C25DC00FC3155 /* AnimalPicturesHeaderViewTest.swift in Sources */ = {isa = PBXBuildFile; fileRef = 3695496F2B5C25DC00FC3155 /* AnimalPicturesHeaderViewTest.swift */; };
		369549722B5C26C600FC3155 /* AnimalModelMock.swift in Sources */ = {isa = PBXBuildFile; fileRef = 369549712B5C26C600FC3155 /* AnimalModelMock.swift */; };
		369549742B5C2B8400FC3155 /* AnimalEntityStorageMockImpl.swift in Sources */ = {isa = PBXBuildFile; fileRef = 369549732B5C2B8400FC3155 /* AnimalEntityStorageMockImpl.swift */; };
		369549762B5C2B9F00FC3155 /* PhotoUseCaseImplTest.swift in Sources */ = {isa = PBXBuildFile; fileRef = 369549752B5C2B9F00FC3155 /* PhotoUseCaseImplTest.swift */; };
		369549782B5C2BC100FC3155 /* PhotoRepositoryMockImpl.swift in Sources */ = {isa = PBXBuildFile; fileRef = 369549772B5C2BC100FC3155 /* PhotoRepositoryMockImpl.swift */; };
		36C300212B563FC00003CBA1 /* AppDelegate.swift in Sources */ = {isa = PBXBuildFile; fileRef = 36C300202B563FC00003CBA1 /* AppDelegate.swift */; };
		36C300232B563FC00003CBA1 /* SceneDelegate.swift in Sources */ = {isa = PBXBuildFile; fileRef = 36C300222B563FC00003CBA1 /* SceneDelegate.swift */; };
		36C300252B563FC00003CBA1 /* ViewController.swift in Sources */ = {isa = PBXBuildFile; fileRef = 36C300242B563FC00003CBA1 /* ViewController.swift */; };
		36C300282B563FC00003CBA1 /* Main.storyboard in Resources */ = {isa = PBXBuildFile; fileRef = 36C300262B563FC00003CBA1 /* Main.storyboard */; };
		36C3002D2B563FC10003CBA1 /* Assets.xcassets in Resources */ = {isa = PBXBuildFile; fileRef = 36C3002C2B563FC10003CBA1 /* Assets.xcassets */; };
		36C300302B563FC10003CBA1 /* LaunchScreen.storyboard in Resources */ = {isa = PBXBuildFile; fileRef = 36C3002E2B563FC10003CBA1 /* LaunchScreen.storyboard */; };
		36C3003B2B563FC10003CBA1 /* AnimalLibraryTests.swift in Sources */ = {isa = PBXBuildFile; fileRef = 36C3003A2B563FC10003CBA1 /* AnimalLibraryTests.swift */; };
		36C300452B563FC10003CBA1 /* AnimalLibraryUITests.swift in Sources */ = {isa = PBXBuildFile; fileRef = 36C300442B563FC10003CBA1 /* AnimalLibraryUITests.swift */; };
		36C300472B563FC10003CBA1 /* AnimalLibraryUITestsLaunchTests.swift in Sources */ = {isa = PBXBuildFile; fileRef = 36C300462B563FC10003CBA1 /* AnimalLibraryUITestsLaunchTests.swift */; };
		36C300562B5645BE0003CBA1 /* Then.swift in Sources */ = {isa = PBXBuildFile; fileRef = 36C300552B5645BE0003CBA1 /* Then.swift */; };
		36C300592B5646070003CBA1 /* ExtensionUIView.swift in Sources */ = {isa = PBXBuildFile; fileRef = 36C300582B5646070003CBA1 /* ExtensionUIView.swift */; };
		36C3005B2B56462C0003CBA1 /* ExtensionUIImageView+ImageLoader.swift in Sources */ = {isa = PBXBuildFile; fileRef = 36C3005A2B56462C0003CBA1 /* ExtensionUIImageView+ImageLoader.swift */; };
		36C3005D2B56463B0003CBA1 /* ExtensionData.swift in Sources */ = {isa = PBXBuildFile; fileRef = 36C3005C2B56463B0003CBA1 /* ExtensionData.swift */; };
		36C3005F2B5646480003CBA1 /* ExtensionString.swift in Sources */ = {isa = PBXBuildFile; fileRef = 36C3005E2B5646480003CBA1 /* ExtensionString.swift */; };
		36C300612B5646630003CBA1 /* ExtensionUIStackView.swift in Sources */ = {isa = PBXBuildFile; fileRef = 36C300602B5646630003CBA1 /* ExtensionUIStackView.swift */; };
		36C300642B56475E0003CBA1 /* DI.swift in Sources */ = {isa = PBXBuildFile; fileRef = 36C300632B56475E0003CBA1 /* DI.swift */; };
		36C300672B5647F50003CBA1 /* NetworkSession.swift in Sources */ = {isa = PBXBuildFile; fileRef = 36C300662B5647F50003CBA1 /* NetworkSession.swift */; };
		36C300692B56482B0003CBA1 /* NetworkService.swift in Sources */ = {isa = PBXBuildFile; fileRef = 36C300682B56482B0003CBA1 /* NetworkService.swift */; };
		36C3006B2B5648860003CBA1 /* Requestable.swift in Sources */ = {isa = PBXBuildFile; fileRef = 36C3006A2B5648860003CBA1 /* Requestable.swift */; };
		36C3006D2B564A1F0003CBA1 /* APIError.swift in Sources */ = {isa = PBXBuildFile; fileRef = 36C3006C2B564A1F0003CBA1 /* APIError.swift */; };
		36C3006F2B564A820003CBA1 /* NetworkInjectionKey.swift in Sources */ = {isa = PBXBuildFile; fileRef = 36C3006E2B564A820003CBA1 /* NetworkInjectionKey.swift */; };
		36C300712B564AEC0003CBA1 /* DataTransferService.swift in Sources */ = {isa = PBXBuildFile; fileRef = 36C300702B564AEC0003CBA1 /* DataTransferService.swift */; };
		36C300772B5654CE0003CBA1 /* AnimalEndpoint.swift in Sources */ = {isa = PBXBuildFile; fileRef = 36C300762B5654CE0003CBA1 /* AnimalEndpoint.swift */; };
		36C3007A2B5655150003CBA1 /* AnimalRepository.swift in Sources */ = {isa = PBXBuildFile; fileRef = 36C300792B5655150003CBA1 /* AnimalRepository.swift */; };
		36C3007E2B5658700003CBA1 /* AnimalResponse.swift in Sources */ = {isa = PBXBuildFile; fileRef = 36C3007D2B5658700003CBA1 /* AnimalResponse.swift */; };
		36C300802B5658BC0003CBA1 /* RepositoryInjectionkey.swift in Sources */ = {isa = PBXBuildFile; fileRef = 36C3007F2B5658BC0003CBA1 /* RepositoryInjectionkey.swift */; };
		36C300832B5669FF0003CBA1 /* AnimalUseCase.swift in Sources */ = {isa = PBXBuildFile; fileRef = 36C300822B5669FF0003CBA1 /* AnimalUseCase.swift */; };
		36C300852B566A170003CBA1 /* UseCaseInjectionKey.swift in Sources */ = {isa = PBXBuildFile; fileRef = 36C300842B566A170003CBA1 /* UseCaseInjectionKey.swift */; };
		36C300892B566A8C0003CBA1 /* AnimalListViewController.swift in Sources */ = {isa = PBXBuildFile; fileRef = 36C300882B566A8C0003CBA1 /* AnimalListViewController.swift */; };
		36C3008B2B566A940003CBA1 /* AnimalListViewModel.swift in Sources */ = {isa = PBXBuildFile; fileRef = 36C3008A2B566A940003CBA1 /* AnimalListViewModel.swift */; };
		36C3008E2B566B750003CBA1 /* ViewModel.swift in Sources */ = {isa = PBXBuildFile; fileRef = 36C3008D2B566B750003CBA1 /* ViewModel.swift */; };
		36C300912B566CA40003CBA1 /* AnimalListItemCell.swift in Sources */ = {isa = PBXBuildFile; fileRef = 36C300902B566CA40003CBA1 /* AnimalListItemCell.swift */; };
		36C300932B566E0A0003CBA1 /* ReusableViewCell.swift in Sources */ = {isa = PBXBuildFile; fileRef = 36C300922B566E0A0003CBA1 /* ReusableViewCell.swift */; };
		36C3009A2B5670B70003CBA1 /* Poppins-Bold.ttf in Resources */ = {isa = PBXBuildFile; fileRef = 36C300962B5670B70003CBA1 /* Poppins-Bold.ttf */; };
		36C3009B2B5670B70003CBA1 /* Poppins-Medium.ttf in Resources */ = {isa = PBXBuildFile; fileRef = 36C300972B5670B70003CBA1 /* Poppins-Medium.ttf */; };
		36C3009C2B5670B70003CBA1 /* Poppins-Regular.ttf in Resources */ = {isa = PBXBuildFile; fileRef = 36C300982B5670B70003CBA1 /* Poppins-Regular.ttf */; };
		36C3009D2B5670B70003CBA1 /* Poppins-SemiBold.ttf in Resources */ = {isa = PBXBuildFile; fileRef = 36C300992B5670B70003CBA1 /* Poppins-SemiBold.ttf */; };
		36C300A02B5671E00003CBA1 /* FontConstants.swift in Sources */ = {isa = PBXBuildFile; fileRef = 36C3009F2B5671E00003CBA1 /* FontConstants.swift */; };
		36C300A22B5673B20003CBA1 /* ScreenState.swift in Sources */ = {isa = PBXBuildFile; fileRef = 36C300A12B5673B20003CBA1 /* ScreenState.swift */; };
		36C300A52B567D1B0003CBA1 /* AnimalPicturesViewController.swift in Sources */ = {isa = PBXBuildFile; fileRef = 36C300A42B567D1B0003CBA1 /* AnimalPicturesViewController.swift */; };
		36C300A72B567D320003CBA1 /* AnimalPicturesViewModel.swift in Sources */ = {isa = PBXBuildFile; fileRef = 36C300A62B567D320003CBA1 /* AnimalPicturesViewModel.swift */; };
		36C300AC2B5681FC0003CBA1 /* ItemView.swift in Sources */ = {isa = PBXBuildFile; fileRef = 36C300AB2B5681FC0003CBA1 /* ItemView.swift */; };
		36C300AE2B5684120003CBA1 /* AppConstants.swift in Sources */ = {isa = PBXBuildFile; fileRef = 36C300AD2B5684120003CBA1 /* AppConstants.swift */; };
		36C300B12B568B160003CBA1 /* AnimalPicturesHeaderView.swift in Sources */ = {isa = PBXBuildFile; fileRef = 36C300B02B568B160003CBA1 /* AnimalPicturesHeaderView.swift */; };
		36C300B32B568CEB0003CBA1 /* AnimalPicturesItemCell.swift in Sources */ = {isa = PBXBuildFile; fileRef = 36C300B22B568CEB0003CBA1 /* AnimalPicturesItemCell.swift */; };
		36C300B72B5698120003CBA1 /* PhotoResponse.swift in Sources */ = {isa = PBXBuildFile; fileRef = 36C300B62B5698120003CBA1 /* PhotoResponse.swift */; };
		36C300B92B56987F0003CBA1 /* PhotoEndpoint.swift in Sources */ = {isa = PBXBuildFile; fileRef = 36C300B82B56987F0003CBA1 /* PhotoEndpoint.swift */; };
		36C300BB2B5699090003CBA1 /* PhotoRepository.swift in Sources */ = {isa = PBXBuildFile; fileRef = 36C300BA2B5699090003CBA1 /* PhotoRepository.swift */; };
		36C300BD2B56999F0003CBA1 /* PhotoUseCase.swift in Sources */ = {isa = PBXBuildFile; fileRef = 36C300BC2B56999F0003CBA1 /* PhotoUseCase.swift */; };
		36C300BF2B56A5410003CBA1 /* AnimalListHeaderView.swift in Sources */ = {isa = PBXBuildFile; fileRef = 36C300BE2B56A5410003CBA1 /* AnimalListHeaderView.swift */; };
		36C300C12B56A8720003CBA1 /* AnimalGroup.swift in Sources */ = {isa = PBXBuildFile; fileRef = 36C300C02B56A8720003CBA1 /* AnimalGroup.swift */; };
		36C751A22B57E61B00316715 /* CoreDataStorage.swift in Sources */ = {isa = PBXBuildFile; fileRef = 36C751A12B57E61B00316715 /* CoreDataStorage.swift */; };
		36C751A92B57EFCC00316715 /* AnimalEntityStorage.swift in Sources */ = {isa = PBXBuildFile; fileRef = 36C751A82B57EFCC00316715 /* AnimalEntityStorage.swift */; };
		36C751AC2B581B2500316715 /* CoreDataStorage.xcdatamodeld in Sources */ = {isa = PBXBuildFile; fileRef = 36C751AA2B581B2500316715 /* CoreDataStorage.xcdatamodeld */; };
		36C751AE2B5836AA00316715 /* StorageInjectionKey.swift in Sources */ = {isa = PBXBuildFile; fileRef = 36C751AD2B5836AA00316715 /* StorageInjectionKey.swift */; };
		36C751B22B5837F200316715 /* AnimalModel.swift in Sources */ = {isa = PBXBuildFile; fileRef = 36C751B12B5837F200316715 /* AnimalModel.swift */; };
		36C751B42B58380000316715 /* AnimalPhoto.swift in Sources */ = {isa = PBXBuildFile; fileRef = 36C751B32B58380000316715 /* AnimalPhoto.swift */; };
		ADDE3EAC829C10DD49247B72 /* Pods_AnimalLibrary.framework in Frameworks */ = {isa = PBXBuildFile; fileRef = FAB7964BB30C3E76EB5A06F7 /* Pods_AnimalLibrary.framework */; };
/* End PBXBuildFile section */

/* Begin PBXContainerItemProxy section */
		36C300372B563FC10003CBA1 /* PBXContainerItemProxy */ = {
			isa = PBXContainerItemProxy;
			containerPortal = 36C300152B563FC00003CBA1 /* Project object */;
			proxyType = 1;
			remoteGlobalIDString = 36C3001C2B563FC00003CBA1;
			remoteInfo = AnimalLibrary;
		};
		36C300412B563FC10003CBA1 /* PBXContainerItemProxy */ = {
			isa = PBXContainerItemProxy;
			containerPortal = 36C300152B563FC00003CBA1 /* Project object */;
			proxyType = 1;
			remoteGlobalIDString = 36C3001C2B563FC00003CBA1;
			remoteInfo = AnimalLibrary;
		};
/* End PBXContainerItemProxy section */

/* Begin PBXFileReference section */
		2E68A8EAA45AB6C0D3D3ECAC /* Pods-AnimalLibrary.release.xcconfig */ = {isa = PBXFileReference; includeInIndex = 1; lastKnownFileType = text.xcconfig; name = "Pods-AnimalLibrary.release.xcconfig"; path = "Target Support Files/Pods-AnimalLibrary/Pods-AnimalLibrary.release.xcconfig"; sourceTree = "<group>"; };
		31D11E31A9ACA2E874F3CEC6 /* Pods-AnimalLibraryTests.release.xcconfig */ = {isa = PBXFileReference; includeInIndex = 1; lastKnownFileType = text.xcconfig; name = "Pods-AnimalLibraryTests.release.xcconfig"; path = "Target Support Files/Pods-AnimalLibraryTests/Pods-AnimalLibraryTests.release.xcconfig"; sourceTree = "<group>"; };
		363F94A52B5A293600DCA79D /* AnimalCharacteristicsModel.swift */ = {isa = PBXFileReference; lastKnownFileType = sourcecode.swift; path = AnimalCharacteristicsModel.swift; sourceTree = "<group>"; };
		363F94A72B5A2A4B00DCA79D /* AnimalCharacteristicsEntityMapping.swift */ = {isa = PBXFileReference; lastKnownFileType = sourcecode.swift; path = AnimalCharacteristicsEntityMapping.swift; sourceTree = "<group>"; };
		363F94A92B5A2C4500DCA79D /* AnimalCharacteristicsResponse.swift */ = {isa = PBXFileReference; lastKnownFileType = sourcecode.swift; path = AnimalCharacteristicsResponse.swift; sourceTree = "<group>"; };
		363F94AD2B5A8CFA00DCA79D /* AnimalUseCaseImplTest.swift */ = {isa = PBXFileReference; lastKnownFileType = sourcecode.swift; path = AnimalUseCaseImplTest.swift; sourceTree = "<group>"; };
		363F94B12B5A8D4300DCA79D /* AnimalRespositoryMockImpl.swift */ = {isa = PBXFileReference; lastKnownFileType = sourcecode.swift; path = AnimalRespositoryMockImpl.swift; sourceTree = "<group>"; };
		363F94B52B5A943F00DCA79D /* AnimalListViewModelTest.swift */ = {isa = PBXFileReference; lastKnownFileType = sourcecode.swift; path = AnimalListViewModelTest.swift; sourceTree = "<group>"; };
		363F94B72B5A9BDA00DCA79D /* AnimalListViewControllerTest.swift */ = {isa = PBXFileReference; lastKnownFileType = sourcecode.swift; path = AnimalListViewControllerTest.swift; sourceTree = "<group>"; };
		365D9B012B5E46940032707E /* FavoritesAnimalHeaderView.swift */ = {isa = PBXFileReference; lastKnownFileType = sourcecode.swift; path = FavoritesAnimalHeaderView.swift; sourceTree = "<group>"; };
		365D9B032B5E4F2A0032707E /* FavoritesAnimalViewModelTest.swift */ = {isa = PBXFileReference; lastKnownFileType = sourcecode.swift; path = FavoritesAnimalViewModelTest.swift; sourceTree = "<group>"; };
		365D9B052B5E55B70032707E /* AnimalPhotoList.swift */ = {isa = PBXFileReference; lastKnownFileType = sourcecode.swift; path = AnimalPhotoList.swift; sourceTree = "<group>"; };
		365D9B072B5E65FC0032707E /* AnimalPicturesViewControllerTest.swift */ = {isa = PBXFileReference; lastKnownFileType = sourcecode.swift; path = AnimalPicturesViewControllerTest.swift; sourceTree = "<group>"; };
		365D9B092B5E8F540032707E /* FavoritesAnimalDropDownMenuView.swift */ = {isa = PBXFileReference; lastKnownFileType = sourcecode.swift; path = FavoritesAnimalDropDownMenuView.swift; sourceTree = "<group>"; };
		365D9B0B2B5E91D00032707E /* ExtensionUITableView.swift */ = {isa = PBXFileReference; lastKnownFileType = sourcecode.swift; path = ExtensionUITableView.swift; sourceTree = "<group>"; };
		365D9B0D2B5E93040032707E /* SingleLabelCell.swift */ = {isa = PBXFileReference; lastKnownFileType = sourcecode.swift; path = SingleLabelCell.swift; sourceTree = "<group>"; };
		3676DA992B58E43000BCE1C0 /* MainTabBarController.swift */ = {isa = PBXFileReference; lastKnownFileType = sourcecode.swift; path = MainTabBarController.swift; sourceTree = "<group>"; };
		3676DA9E2B58E62900BCE1C0 /* FavoritesAnimalViewController.swift */ = {isa = PBXFileReference; lastKnownFileType = sourcecode.swift; path = FavoritesAnimalViewController.swift; sourceTree = "<group>"; };
		3676DAA02B58E63000BCE1C0 /* FavoritesAnimalViewModel.swift */ = {isa = PBXFileReference; lastKnownFileType = sourcecode.swift; path = FavoritesAnimalViewModel.swift; sourceTree = "<group>"; };
		3676DAA62B5925A500BCE1C0 /* AnimalEntityMapping.swift */ = {isa = PBXFileReference; lastKnownFileType = sourcecode.swift; path = AnimalEntityMapping.swift; sourceTree = "<group>"; };
		3676DAA82B5925BC00BCE1C0 /* AnimalPhotoEntityMapping.swift */ = {isa = PBXFileReference; lastKnownFileType = sourcecode.swift; path = AnimalPhotoEntityMapping.swift; sourceTree = "<group>"; };
		3676DAAB2B59283D00BCE1C0 /* FavoritesAnimalHeaderView.swift */ = {isa = PBXFileReference; lastKnownFileType = sourcecode.swift; path = FavoritesAnimalHeaderView.swift; sourceTree = "<group>"; };
		367841612B5CCBA600E629BC /* AnimalPicturesViewModelTest.swift */ = {isa = PBXFileReference; lastKnownFileType = sourcecode.swift; path = AnimalPicturesViewModelTest.swift; sourceTree = "<group>"; };
		367F94082B579EA400BAF633 /* AnimalResponseMock.swift */ = {isa = PBXFileReference; lastKnownFileType = sourcecode.swift; path = AnimalResponseMock.swift; sourceTree = "<group>"; };
		367F940A2B579EC700BAF633 /* PhotoListResponseMock.swift */ = {isa = PBXFileReference; lastKnownFileType = sourcecode.swift; path = PhotoListResponseMock.swift; sourceTree = "<group>"; };
		367F940D2B579EF100BAF633 /* ExtensionXCTestCase.swift */ = {isa = PBXFileReference; lastKnownFileType = sourcecode.swift; path = ExtensionXCTestCase.swift; sourceTree = "<group>"; };
		367F94112B579F1B00BAF633 /* NetworkSessionMockImpl.swift */ = {isa = PBXFileReference; lastKnownFileType = sourcecode.swift; path = NetworkSessionMockImpl.swift; sourceTree = "<group>"; };
		367F94132B579F7800BAF633 /* NetworkServiceImplTest.swift */ = {isa = PBXFileReference; lastKnownFileType = sourcecode.swift; path = NetworkServiceImplTest.swift; sourceTree = "<group>"; };
		367F94152B57A04B00BAF633 /* ExtensionResult.swift */ = {isa = PBXFileReference; lastKnownFileType = sourcecode.swift; path = ExtensionResult.swift; sourceTree = "<group>"; };
		367F94172B57A16E00BAF633 /* DataTransferServiceTest.swift */ = {isa = PBXFileReference; lastKnownFileType = sourcecode.swift; path = DataTransferServiceTest.swift; sourceTree = "<group>"; };
		367F94192B57A6E000BAF633 /* ImageConstants.swift */ = {isa = PBXFileReference; lastKnownFileType = sourcecode.swift; path = ImageConstants.swift; sourceTree = "<group>"; };
		369549612B5BF65C00FC3155 /* AnimalListItemCellTest.swift */ = {isa = PBXFileReference; lastKnownFileType = sourcecode.swift; path = AnimalListItemCellTest.swift; sourceTree = "<group>"; };
		369549632B5C1CE300FC3155 /* AnimalListHeaderViewTest.swift */ = {isa = PBXFileReference; lastKnownFileType = sourcecode.swift; path = AnimalListHeaderViewTest.swift; sourceTree = "<group>"; };
		369549672B5C1E9000FC3155 /* AnimalPicturesItemCellTest.swift */ = {isa = PBXFileReference; lastKnownFileType = sourcecode.swift; path = AnimalPicturesItemCellTest.swift; sourceTree = "<group>"; };
		369549692B5C1EAF00FC3155 /* ExtensionUIButtonConfiguration.swift */ = {isa = PBXFileReference; lastKnownFileType = sourcecode.swift; path = ExtensionUIButtonConfiguration.swift; sourceTree = "<group>"; };
		3695496B2B5C216400FC3155 /* ExtensionUIImage.swift */ = {isa = PBXFileReference; lastKnownFileType = sourcecode.swift; path = ExtensionUIImage.swift; sourceTree = "<group>"; };
		3695496D2B5C223500FC3155 /* AnimalPhotoMock.swift */ = {isa = PBXFileReference; lastKnownFileType = sourcecode.swift; path = AnimalPhotoMock.swift; sourceTree = "<group>"; };
		3695496F2B5C25DC00FC3155 /* AnimalPicturesHeaderViewTest.swift */ = {isa = PBXFileReference; lastKnownFileType = sourcecode.swift; path = AnimalPicturesHeaderViewTest.swift; sourceTree = "<group>"; };
		369549712B5C26C600FC3155 /* AnimalModelMock.swift */ = {isa = PBXFileReference; lastKnownFileType = sourcecode.swift; path = AnimalModelMock.swift; sourceTree = "<group>"; };
		369549732B5C2B8400FC3155 /* AnimalEntityStorageMockImpl.swift */ = {isa = PBXFileReference; lastKnownFileType = sourcecode.swift; path = AnimalEntityStorageMockImpl.swift; sourceTree = "<group>"; };
		369549752B5C2B9F00FC3155 /* PhotoUseCaseImplTest.swift */ = {isa = PBXFileReference; lastKnownFileType = sourcecode.swift; path = PhotoUseCaseImplTest.swift; sourceTree = "<group>"; };
		369549772B5C2BC100FC3155 /* PhotoRepositoryMockImpl.swift */ = {isa = PBXFileReference; lastKnownFileType = sourcecode.swift; path = PhotoRepositoryMockImpl.swift; sourceTree = "<group>"; };
		36C3001D2B563FC00003CBA1 /* AnimalLibrary.app */ = {isa = PBXFileReference; explicitFileType = wrapper.application; includeInIndex = 0; path = AnimalLibrary.app; sourceTree = BUILT_PRODUCTS_DIR; };
		36C300202B563FC00003CBA1 /* AppDelegate.swift */ = {isa = PBXFileReference; lastKnownFileType = sourcecode.swift; path = AppDelegate.swift; sourceTree = "<group>"; };
		36C300222B563FC00003CBA1 /* SceneDelegate.swift */ = {isa = PBXFileReference; lastKnownFileType = sourcecode.swift; path = SceneDelegate.swift; sourceTree = "<group>"; };
		36C300242B563FC00003CBA1 /* ViewController.swift */ = {isa = PBXFileReference; lastKnownFileType = sourcecode.swift; path = ViewController.swift; sourceTree = "<group>"; };
		36C300272B563FC00003CBA1 /* Base */ = {isa = PBXFileReference; lastKnownFileType = file.storyboard; name = Base; path = Base.lproj/Main.storyboard; sourceTree = "<group>"; };
		36C3002C2B563FC10003CBA1 /* Assets.xcassets */ = {isa = PBXFileReference; lastKnownFileType = folder.assetcatalog; path = Assets.xcassets; sourceTree = "<group>"; };
		36C3002F2B563FC10003CBA1 /* Base */ = {isa = PBXFileReference; lastKnownFileType = file.storyboard; name = Base; path = Base.lproj/LaunchScreen.storyboard; sourceTree = "<group>"; };
		36C300312B563FC10003CBA1 /* Info.plist */ = {isa = PBXFileReference; lastKnownFileType = text.plist.xml; path = Info.plist; sourceTree = "<group>"; };
		36C300362B563FC10003CBA1 /* AnimalLibraryTests.xctest */ = {isa = PBXFileReference; explicitFileType = wrapper.cfbundle; includeInIndex = 0; path = AnimalLibraryTests.xctest; sourceTree = BUILT_PRODUCTS_DIR; };
		36C3003A2B563FC10003CBA1 /* AnimalLibraryTests.swift */ = {isa = PBXFileReference; lastKnownFileType = sourcecode.swift; path = AnimalLibraryTests.swift; sourceTree = "<group>"; };
		36C300402B563FC10003CBA1 /* AnimalLibraryUITests.xctest */ = {isa = PBXFileReference; explicitFileType = wrapper.cfbundle; includeInIndex = 0; path = AnimalLibraryUITests.xctest; sourceTree = BUILT_PRODUCTS_DIR; };
		36C300442B563FC10003CBA1 /* AnimalLibraryUITests.swift */ = {isa = PBXFileReference; lastKnownFileType = sourcecode.swift; path = AnimalLibraryUITests.swift; sourceTree = "<group>"; };
		36C300462B563FC10003CBA1 /* AnimalLibraryUITestsLaunchTests.swift */ = {isa = PBXFileReference; lastKnownFileType = sourcecode.swift; path = AnimalLibraryUITestsLaunchTests.swift; sourceTree = "<group>"; };
		36C300552B5645BE0003CBA1 /* Then.swift */ = {isa = PBXFileReference; lastKnownFileType = sourcecode.swift; path = Then.swift; sourceTree = "<group>"; };
		36C300582B5646070003CBA1 /* ExtensionUIView.swift */ = {isa = PBXFileReference; lastKnownFileType = sourcecode.swift; path = ExtensionUIView.swift; sourceTree = "<group>"; };
		36C3005A2B56462C0003CBA1 /* ExtensionUIImageView+ImageLoader.swift */ = {isa = PBXFileReference; lastKnownFileType = sourcecode.swift; path = "ExtensionUIImageView+ImageLoader.swift"; sourceTree = "<group>"; };
		36C3005C2B56463B0003CBA1 /* ExtensionData.swift */ = {isa = PBXFileReference; lastKnownFileType = sourcecode.swift; path = ExtensionData.swift; sourceTree = "<group>"; };
		36C3005E2B5646480003CBA1 /* ExtensionString.swift */ = {isa = PBXFileReference; lastKnownFileType = sourcecode.swift; path = ExtensionString.swift; sourceTree = "<group>"; };
		36C300602B5646630003CBA1 /* ExtensionUIStackView.swift */ = {isa = PBXFileReference; lastKnownFileType = sourcecode.swift; path = ExtensionUIStackView.swift; sourceTree = "<group>"; };
		36C300632B56475E0003CBA1 /* DI.swift */ = {isa = PBXFileReference; lastKnownFileType = sourcecode.swift; path = DI.swift; sourceTree = "<group>"; };
		36C300662B5647F50003CBA1 /* NetworkSession.swift */ = {isa = PBXFileReference; lastKnownFileType = sourcecode.swift; path = NetworkSession.swift; sourceTree = "<group>"; };
		36C300682B56482B0003CBA1 /* NetworkService.swift */ = {isa = PBXFileReference; lastKnownFileType = sourcecode.swift; path = NetworkService.swift; sourceTree = "<group>"; };
		36C3006A2B5648860003CBA1 /* Requestable.swift */ = {isa = PBXFileReference; lastKnownFileType = sourcecode.swift; path = Requestable.swift; sourceTree = "<group>"; };
		36C3006C2B564A1F0003CBA1 /* APIError.swift */ = {isa = PBXFileReference; lastKnownFileType = sourcecode.swift; path = APIError.swift; sourceTree = "<group>"; };
		36C3006E2B564A820003CBA1 /* NetworkInjectionKey.swift */ = {isa = PBXFileReference; lastKnownFileType = sourcecode.swift; path = NetworkInjectionKey.swift; sourceTree = "<group>"; };
		36C300702B564AEC0003CBA1 /* DataTransferService.swift */ = {isa = PBXFileReference; lastKnownFileType = sourcecode.swift; path = DataTransferService.swift; sourceTree = "<group>"; };
		36C300762B5654CE0003CBA1 /* AnimalEndpoint.swift */ = {isa = PBXFileReference; lastKnownFileType = sourcecode.swift; path = AnimalEndpoint.swift; sourceTree = "<group>"; };
		36C300792B5655150003CBA1 /* AnimalRepository.swift */ = {isa = PBXFileReference; lastKnownFileType = sourcecode.swift; path = AnimalRepository.swift; sourceTree = "<group>"; };
		36C3007D2B5658700003CBA1 /* AnimalResponse.swift */ = {isa = PBXFileReference; lastKnownFileType = sourcecode.swift; path = AnimalResponse.swift; sourceTree = "<group>"; };
		36C3007F2B5658BC0003CBA1 /* RepositoryInjectionkey.swift */ = {isa = PBXFileReference; lastKnownFileType = sourcecode.swift; path = RepositoryInjectionkey.swift; sourceTree = "<group>"; };
		36C300822B5669FF0003CBA1 /* AnimalUseCase.swift */ = {isa = PBXFileReference; lastKnownFileType = sourcecode.swift; path = AnimalUseCase.swift; sourceTree = "<group>"; };
		36C300842B566A170003CBA1 /* UseCaseInjectionKey.swift */ = {isa = PBXFileReference; lastKnownFileType = sourcecode.swift; path = UseCaseInjectionKey.swift; sourceTree = "<group>"; };
		36C300882B566A8C0003CBA1 /* AnimalListViewController.swift */ = {isa = PBXFileReference; lastKnownFileType = sourcecode.swift; path = AnimalListViewController.swift; sourceTree = "<group>"; };
		36C3008A2B566A940003CBA1 /* AnimalListViewModel.swift */ = {isa = PBXFileReference; lastKnownFileType = sourcecode.swift; path = AnimalListViewModel.swift; sourceTree = "<group>"; };
		36C3008D2B566B750003CBA1 /* ViewModel.swift */ = {isa = PBXFileReference; lastKnownFileType = sourcecode.swift; path = ViewModel.swift; sourceTree = "<group>"; };
		36C300902B566CA40003CBA1 /* AnimalListItemCell.swift */ = {isa = PBXFileReference; lastKnownFileType = sourcecode.swift; path = AnimalListItemCell.swift; sourceTree = "<group>"; };
		36C300922B566E0A0003CBA1 /* ReusableViewCell.swift */ = {isa = PBXFileReference; lastKnownFileType = sourcecode.swift; path = ReusableViewCell.swift; sourceTree = "<group>"; };
		36C300962B5670B70003CBA1 /* Poppins-Bold.ttf */ = {isa = PBXFileReference; lastKnownFileType = file; path = "Poppins-Bold.ttf"; sourceTree = "<group>"; };
		36C300972B5670B70003CBA1 /* Poppins-Medium.ttf */ = {isa = PBXFileReference; lastKnownFileType = file; path = "Poppins-Medium.ttf"; sourceTree = "<group>"; };
		36C300982B5670B70003CBA1 /* Poppins-Regular.ttf */ = {isa = PBXFileReference; lastKnownFileType = file; path = "Poppins-Regular.ttf"; sourceTree = "<group>"; };
		36C300992B5670B70003CBA1 /* Poppins-SemiBold.ttf */ = {isa = PBXFileReference; lastKnownFileType = file; path = "Poppins-SemiBold.ttf"; sourceTree = "<group>"; };
		36C3009F2B5671E00003CBA1 /* FontConstants.swift */ = {isa = PBXFileReference; lastKnownFileType = sourcecode.swift; path = FontConstants.swift; sourceTree = "<group>"; };
		36C300A12B5673B20003CBA1 /* ScreenState.swift */ = {isa = PBXFileReference; lastKnownFileType = sourcecode.swift; path = ScreenState.swift; sourceTree = "<group>"; };
		36C300A42B567D1B0003CBA1 /* AnimalPicturesViewController.swift */ = {isa = PBXFileReference; lastKnownFileType = sourcecode.swift; path = AnimalPicturesViewController.swift; sourceTree = "<group>"; };
		36C300A62B567D320003CBA1 /* AnimalPicturesViewModel.swift */ = {isa = PBXFileReference; lastKnownFileType = sourcecode.swift; path = AnimalPicturesViewModel.swift; sourceTree = "<group>"; };
		36C300AB2B5681FC0003CBA1 /* ItemView.swift */ = {isa = PBXFileReference; lastKnownFileType = sourcecode.swift; path = ItemView.swift; sourceTree = "<group>"; };
		36C300AD2B5684120003CBA1 /* AppConstants.swift */ = {isa = PBXFileReference; lastKnownFileType = sourcecode.swift; path = AppConstants.swift; sourceTree = "<group>"; };
		36C300B02B568B160003CBA1 /* AnimalPicturesHeaderView.swift */ = {isa = PBXFileReference; lastKnownFileType = sourcecode.swift; path = AnimalPicturesHeaderView.swift; sourceTree = "<group>"; };
		36C300B22B568CEB0003CBA1 /* AnimalPicturesItemCell.swift */ = {isa = PBXFileReference; lastKnownFileType = sourcecode.swift; path = AnimalPicturesItemCell.swift; sourceTree = "<group>"; };
		36C300B62B5698120003CBA1 /* PhotoResponse.swift */ = {isa = PBXFileReference; lastKnownFileType = sourcecode.swift; path = PhotoResponse.swift; sourceTree = "<group>"; };
		36C300B82B56987F0003CBA1 /* PhotoEndpoint.swift */ = {isa = PBXFileReference; lastKnownFileType = sourcecode.swift; path = PhotoEndpoint.swift; sourceTree = "<group>"; };
		36C300BA2B5699090003CBA1 /* PhotoRepository.swift */ = {isa = PBXFileReference; lastKnownFileType = sourcecode.swift; path = PhotoRepository.swift; sourceTree = "<group>"; };
		36C300BC2B56999F0003CBA1 /* PhotoUseCase.swift */ = {isa = PBXFileReference; lastKnownFileType = sourcecode.swift; path = PhotoUseCase.swift; sourceTree = "<group>"; };
		36C300BE2B56A5410003CBA1 /* AnimalListHeaderView.swift */ = {isa = PBXFileReference; lastKnownFileType = sourcecode.swift; path = AnimalListHeaderView.swift; sourceTree = "<group>"; };
		36C300C02B56A8720003CBA1 /* AnimalGroup.swift */ = {isa = PBXFileReference; lastKnownFileType = sourcecode.swift; path = AnimalGroup.swift; sourceTree = "<group>"; };
		36C751A12B57E61B00316715 /* CoreDataStorage.swift */ = {isa = PBXFileReference; lastKnownFileType = sourcecode.swift; path = CoreDataStorage.swift; sourceTree = "<group>"; };
		36C751A82B57EFCC00316715 /* AnimalEntityStorage.swift */ = {isa = PBXFileReference; lastKnownFileType = sourcecode.swift; path = AnimalEntityStorage.swift; sourceTree = "<group>"; };
		36C751AB2B581B2500316715 /* CoreDataStorage.xcdatamodel */ = {isa = PBXFileReference; lastKnownFileType = wrapper.xcdatamodel; path = CoreDataStorage.xcdatamodel; sourceTree = "<group>"; };
		36C751AD2B5836AA00316715 /* StorageInjectionKey.swift */ = {isa = PBXFileReference; lastKnownFileType = sourcecode.swift; path = StorageInjectionKey.swift; sourceTree = "<group>"; };
		36C751B12B5837F200316715 /* AnimalModel.swift */ = {isa = PBXFileReference; lastKnownFileType = sourcecode.swift; path = AnimalModel.swift; sourceTree = "<group>"; };
		36C751B32B58380000316715 /* AnimalPhoto.swift */ = {isa = PBXFileReference; lastKnownFileType = sourcecode.swift; path = AnimalPhoto.swift; sourceTree = "<group>"; };
		5141B0B3CE954B632E3E3819 /* Pods-AnimalLibraryUITests.debug.xcconfig */ = {isa = PBXFileReference; includeInIndex = 1; lastKnownFileType = text.xcconfig; name = "Pods-AnimalLibraryUITests.debug.xcconfig"; path = "Target Support Files/Pods-AnimalLibraryUITests/Pods-AnimalLibraryUITests.debug.xcconfig"; sourceTree = "<group>"; };
		58C00DF979185E0581505D16 /* Pods-AnimalLibraryTests.debug.xcconfig */ = {isa = PBXFileReference; includeInIndex = 1; lastKnownFileType = text.xcconfig; name = "Pods-AnimalLibraryTests.debug.xcconfig"; path = "Target Support Files/Pods-AnimalLibraryTests/Pods-AnimalLibraryTests.debug.xcconfig"; sourceTree = "<group>"; };
		7281449004508D683ABB8997 /* Pods-AnimalLibraryUITests.release.xcconfig */ = {isa = PBXFileReference; includeInIndex = 1; lastKnownFileType = text.xcconfig; name = "Pods-AnimalLibraryUITests.release.xcconfig"; path = "Target Support Files/Pods-AnimalLibraryUITests/Pods-AnimalLibraryUITests.release.xcconfig"; sourceTree = "<group>"; };
		939C701A2CD4686AEBFFD0CA /* Pods-AnimalLibrary-AnimalLibraryUITests.debug.xcconfig */ = {isa = PBXFileReference; includeInIndex = 1; lastKnownFileType = text.xcconfig; name = "Pods-AnimalLibrary-AnimalLibraryUITests.debug.xcconfig"; path = "Target Support Files/Pods-AnimalLibrary-AnimalLibraryUITests/Pods-AnimalLibrary-AnimalLibraryUITests.debug.xcconfig"; sourceTree = "<group>"; };
		B9C32F72C25768A3E2FDE10D /* Pods_AnimalLibraryUITests.framework */ = {isa = PBXFileReference; explicitFileType = wrapper.framework; includeInIndex = 0; path = Pods_AnimalLibraryUITests.framework; sourceTree = BUILT_PRODUCTS_DIR; };
		CD8B73392F42DABD60AFCAC7 /* Pods_AnimalLibraryTests.framework */ = {isa = PBXFileReference; explicitFileType = wrapper.framework; includeInIndex = 0; path = Pods_AnimalLibraryTests.framework; sourceTree = BUILT_PRODUCTS_DIR; };
		D5623884B97E676D16276865 /* Pods-AnimalLibrary.debug.xcconfig */ = {isa = PBXFileReference; includeInIndex = 1; lastKnownFileType = text.xcconfig; name = "Pods-AnimalLibrary.debug.xcconfig"; path = "Target Support Files/Pods-AnimalLibrary/Pods-AnimalLibrary.debug.xcconfig"; sourceTree = "<group>"; };
		E29AB8F43E09D97A574F1ACD /* Pods-AnimalLibrary-AnimalLibraryUITests.release.xcconfig */ = {isa = PBXFileReference; includeInIndex = 1; lastKnownFileType = text.xcconfig; name = "Pods-AnimalLibrary-AnimalLibraryUITests.release.xcconfig"; path = "Target Support Files/Pods-AnimalLibrary-AnimalLibraryUITests/Pods-AnimalLibrary-AnimalLibraryUITests.release.xcconfig"; sourceTree = "<group>"; };
		FAB7964BB30C3E76EB5A06F7 /* Pods_AnimalLibrary.framework */ = {isa = PBXFileReference; explicitFileType = wrapper.framework; includeInIndex = 0; path = Pods_AnimalLibrary.framework; sourceTree = BUILT_PRODUCTS_DIR; };
/* End PBXFileReference section */

/* Begin PBXFrameworksBuildPhase section */
		36C3001A2B563FC00003CBA1 /* Frameworks */ = {
			isa = PBXFrameworksBuildPhase;
			buildActionMask = 2147483647;
			files = (
				ADDE3EAC829C10DD49247B72 /* Pods_AnimalLibrary.framework in Frameworks */,
			);
			runOnlyForDeploymentPostprocessing = 0;
		};
		36C300332B563FC10003CBA1 /* Frameworks */ = {
			isa = PBXFrameworksBuildPhase;
			buildActionMask = 2147483647;
			files = (
				1FD4CA1D97B155B516B8D452 /* Pods_AnimalLibraryTests.framework in Frameworks */,
			);
			runOnlyForDeploymentPostprocessing = 0;
		};
		36C3003D2B563FC10003CBA1 /* Frameworks */ = {
			isa = PBXFrameworksBuildPhase;
			buildActionMask = 2147483647;
			files = (
				1E8845EC2BD5FCA41F8203C1 /* Pods_AnimalLibraryUITests.framework in Frameworks */,
			);
			runOnlyForDeploymentPostprocessing = 0;
		};
/* End PBXFrameworksBuildPhase section */

/* Begin PBXGroup section */
		17A3AFD91567B483181EB939 /* Frameworks */ = {
			isa = PBXGroup;
			children = (
				FAB7964BB30C3E76EB5A06F7 /* Pods_AnimalLibrary.framework */,
				CD8B73392F42DABD60AFCAC7 /* Pods_AnimalLibraryTests.framework */,
				B9C32F72C25768A3E2FDE10D /* Pods_AnimalLibraryUITests.framework */,
			);
			name = Frameworks;
			sourceTree = "<group>";
		};
		1DC3DDCE63052B2490639ABC /* Pods */ = {
			isa = PBXGroup;
			children = (
				D5623884B97E676D16276865 /* Pods-AnimalLibrary.debug.xcconfig */,
				2E68A8EAA45AB6C0D3D3ECAC /* Pods-AnimalLibrary.release.xcconfig */,
				939C701A2CD4686AEBFFD0CA /* Pods-AnimalLibrary-AnimalLibraryUITests.debug.xcconfig */,
				E29AB8F43E09D97A574F1ACD /* Pods-AnimalLibrary-AnimalLibraryUITests.release.xcconfig */,
				58C00DF979185E0581505D16 /* Pods-AnimalLibraryTests.debug.xcconfig */,
				31D11E31A9ACA2E874F3CEC6 /* Pods-AnimalLibraryTests.release.xcconfig */,
				5141B0B3CE954B632E3E3819 /* Pods-AnimalLibraryUITests.debug.xcconfig */,
				7281449004508D683ABB8997 /* Pods-AnimalLibraryUITests.release.xcconfig */,
			);
			path = Pods;
			sourceTree = "<group>";
		};
		363F94AC2B5A8CE300DCA79D /* UseCases */ = {
			isa = PBXGroup;
			children = (
				363F94AD2B5A8CFA00DCA79D /* AnimalUseCaseImplTest.swift */,
				369549752B5C2B9F00FC3155 /* PhotoUseCaseImplTest.swift */,
			);
			path = UseCases;
			sourceTree = "<group>";
		};
		363F94AF2B5A8D2A00DCA79D /* Repositories */ = {
			isa = PBXGroup;
			children = (
				363F94B02B5A8D3100DCA79D /* Mocks */,
			);
			path = Repositories;
			sourceTree = "<group>";
		};
		363F94B02B5A8D3100DCA79D /* Mocks */ = {
			isa = PBXGroup;
			children = (
				363F94B12B5A8D4300DCA79D /* AnimalRespositoryMockImpl.swift */,
				369549732B5C2B8400FC3155 /* AnimalEntityStorageMockImpl.swift */,
				369549772B5C2BC100FC3155 /* PhotoRepositoryMockImpl.swift */,
			);
			path = Mocks;
			sourceTree = "<group>";
		};
		363F94B32B5A942400DCA79D /* Screens */ = {
			isa = PBXGroup;
			children = (
				365D9AFF2B5E44D10032707E /* Favorites Animal List */,
				369549652B5C1E7200FC3155 /* Animal Pictures */,
				363F94B42B5A942A00DCA79D /* Animal List */,
			);
			path = Screens;
			sourceTree = "<group>";
		};
		363F94B42B5A942A00DCA79D /* Animal List */ = {
			isa = PBXGroup;
			children = (
				369549602B5BF65200FC3155 /* Subviews */,
				363F94B52B5A943F00DCA79D /* AnimalListViewModelTest.swift */,
				363F94B72B5A9BDA00DCA79D /* AnimalListViewControllerTest.swift */,
			);
			path = "Animal List";
			sourceTree = "<group>";
		};
		365D9AFF2B5E44D10032707E /* Favorites Animal List */ = {
			isa = PBXGroup;
			children = (
				365D9B002B5E44F30032707E /* Subviews */,
				365D9B032B5E4F2A0032707E /* FavoritesAnimalViewModelTest.swift */,
			);
			path = "Favorites Animal List";
			sourceTree = "<group>";
		};
		365D9B002B5E44F30032707E /* Subviews */ = {
			isa = PBXGroup;
			children = (
				365D9B012B5E46940032707E /* FavoritesAnimalHeaderView.swift */,
			);
			path = Subviews;
			sourceTree = "<group>";
		};
		365D9B0F2B5E93910032707E /* Cells */ = {
			isa = PBXGroup;
			children = (
				365D9B0D2B5E93040032707E /* SingleLabelCell.swift */,
			);
			path = Cells;
			sourceTree = "<group>";
		};
		3676DA982B58E42200BCE1C0 /* MainTabBar */ = {
			isa = PBXGroup;
			children = (
				3676DA992B58E43000BCE1C0 /* MainTabBarController.swift */,
			);
			path = MainTabBar;
			sourceTree = "<group>";
		};
		3676DA9D2B58E61600BCE1C0 /* Favorites Animal List */ = {
			isa = PBXGroup;
			children = (
				3676DAAA2B59281B00BCE1C0 /* Subviews */,
				3676DA9E2B58E62900BCE1C0 /* FavoritesAnimalViewController.swift */,
				3676DAA02B58E63000BCE1C0 /* FavoritesAnimalViewModel.swift */,
			);
			path = "Favorites Animal List";
			sourceTree = "<group>";
		};
		3676DAA52B59259800BCE1C0 /* Mapping */ = {
			isa = PBXGroup;
			children = (
				3676DAA62B5925A500BCE1C0 /* AnimalEntityMapping.swift */,
				3676DAA82B5925BC00BCE1C0 /* AnimalPhotoEntityMapping.swift */,
				363F94A72B5A2A4B00DCA79D /* AnimalCharacteristicsEntityMapping.swift */,
			);
			path = Mapping;
			sourceTree = "<group>";
		};
		3676DAAA2B59281B00BCE1C0 /* Subviews */ = {
			isa = PBXGroup;
			children = (
				3676DAAB2B59283D00BCE1C0 /* FavoritesAnimalHeaderView.swift */,
				365D9B092B5E8F540032707E /* FavoritesAnimalDropDownMenuView.swift */,
			);
			path = Subviews;
			sourceTree = "<group>";
		};
		367F94072B579E6800BAF633 /* Mock Models */ = {
			isa = PBXGroup;
			children = (
				367F94082B579EA400BAF633 /* AnimalResponseMock.swift */,
				367F940A2B579EC700BAF633 /* PhotoListResponseMock.swift */,
				3695496D2B5C223500FC3155 /* AnimalPhotoMock.swift */,
				369549712B5C26C600FC3155 /* AnimalModelMock.swift */,
			);
			path = "Mock Models";
			sourceTree = "<group>";
		};
		367F940C2B579EE400BAF633 /* Extensions */ = {
			isa = PBXGroup;
			children = (
				367F940D2B579EF100BAF633 /* ExtensionXCTestCase.swift */,
			);
			path = Extensions;
			sourceTree = "<group>";
		};
		367F940F2B579F0A00BAF633 /* Network */ = {
			isa = PBXGroup;
			children = (
				367F94102B579F0F00BAF633 /* Mocks */,
				367F94132B579F7800BAF633 /* NetworkServiceImplTest.swift */,
				367F94172B57A16E00BAF633 /* DataTransferServiceTest.swift */,
			);
			path = Network;
			sourceTree = "<group>";
		};
		367F94102B579F0F00BAF633 /* Mocks */ = {
			isa = PBXGroup;
			children = (
				367F94112B579F1B00BAF633 /* NetworkSessionMockImpl.swift */,
			);
			path = Mocks;
			sourceTree = "<group>";
		};
		369549602B5BF65200FC3155 /* Subviews */ = {
			isa = PBXGroup;
			children = (
				369549612B5BF65C00FC3155 /* AnimalListItemCellTest.swift */,
				369549632B5C1CE300FC3155 /* AnimalListHeaderViewTest.swift */,
			);
			path = Subviews;
			sourceTree = "<group>";
		};
		369549652B5C1E7200FC3155 /* Animal Pictures */ = {
			isa = PBXGroup;
			children = (
				369549662B5C1E7C00FC3155 /* Subviews */,
				367841612B5CCBA600E629BC /* AnimalPicturesViewModelTest.swift */,
				365D9B072B5E65FC0032707E /* AnimalPicturesViewControllerTest.swift */,
			);
			path = "Animal Pictures";
			sourceTree = "<group>";
		};
		369549662B5C1E7C00FC3155 /* Subviews */ = {
			isa = PBXGroup;
			children = (
				369549672B5C1E9000FC3155 /* AnimalPicturesItemCellTest.swift */,
				3695496F2B5C25DC00FC3155 /* AnimalPicturesHeaderViewTest.swift */,
			);
			path = Subviews;
			sourceTree = "<group>";
		};
		36C300142B563FC00003CBA1 = {
			isa = PBXGroup;
			children = (
				36C3001F2B563FC00003CBA1 /* AnimalLibrary */,
				36C300392B563FC10003CBA1 /* AnimalLibraryTests */,
				36C300432B563FC10003CBA1 /* AnimalLibraryUITests */,
				36C3001E2B563FC00003CBA1 /* Products */,
				1DC3DDCE63052B2490639ABC /* Pods */,
				17A3AFD91567B483181EB939 /* Frameworks */,
			);
			sourceTree = "<group>";
		};
		36C3001E2B563FC00003CBA1 /* Products */ = {
			isa = PBXGroup;
			children = (
				36C3001D2B563FC00003CBA1 /* AnimalLibrary.app */,
				36C300362B563FC10003CBA1 /* AnimalLibraryTests.xctest */,
				36C300402B563FC10003CBA1 /* AnimalLibraryUITests.xctest */,
			);
			name = Products;
			sourceTree = "<group>";
		};
		36C3001F2B563FC00003CBA1 /* AnimalLibrary */ = {
			isa = PBXGroup;
			children = (
				36C3008C2B566B6C0003CBA1 /* Base */,
				36C300862B566A7A0003CBA1 /* Screens */,
				36C300532B5645A50003CBA1 /* Components */,
				36C300812B5669F20003CBA1 /* UseCases */,
				36C300782B5655070003CBA1 /* Repositories */,
				36C300652B5647A30003CBA1 /* Network */,
				36C7519F2B57E5BC00316715 /* Persistents */,
				36C3007B2B5658630003CBA1 /* Models */,
				36C300622B5647570003CBA1 /* DI */,
				36C300942B56706B0003CBA1 /* Resources */,
				36C300202B563FC00003CBA1 /* AppDelegate.swift */,
				36C300222B563FC00003CBA1 /* SceneDelegate.swift */,
				36C300262B563FC00003CBA1 /* Main.storyboard */,
				36C3002E2B563FC10003CBA1 /* LaunchScreen.storyboard */,
			);
			path = AnimalLibrary;
			sourceTree = "<group>";
		};
		36C300392B563FC10003CBA1 /* AnimalLibraryTests */ = {
			isa = PBXGroup;
			children = (
				363F94B32B5A942400DCA79D /* Screens */,
				363F94AF2B5A8D2A00DCA79D /* Repositories */,
				363F94AC2B5A8CE300DCA79D /* UseCases */,
				367F940F2B579F0A00BAF633 /* Network */,
				367F940C2B579EE400BAF633 /* Extensions */,
				367F94072B579E6800BAF633 /* Mock Models */,
				36C3003A2B563FC10003CBA1 /* AnimalLibraryTests.swift */,
			);
			path = AnimalLibraryTests;
			sourceTree = "<group>";
		};
		36C300432B563FC10003CBA1 /* AnimalLibraryUITests */ = {
			isa = PBXGroup;
			children = (
				36C300442B563FC10003CBA1 /* AnimalLibraryUITests.swift */,
				36C300462B563FC10003CBA1 /* AnimalLibraryUITestsLaunchTests.swift */,
			);
			path = AnimalLibraryUITests;
			sourceTree = "<group>";
		};
		36C300532B5645A50003CBA1 /* Components */ = {
			isa = PBXGroup;
			children = (
				36C300AF2B5686BE0003CBA1 /* Views */,
				36C3009E2B5671D80003CBA1 /* Constants */,
				36C300572B5645FF0003CBA1 /* Extensions */,
				36C300542B5645AD0003CBA1 /* Vendors */,
			);
			path = Components;
			sourceTree = "<group>";
		};
		36C300542B5645AD0003CBA1 /* Vendors */ = {
			isa = PBXGroup;
			children = (
				36C300552B5645BE0003CBA1 /* Then.swift */,
				36C300922B566E0A0003CBA1 /* ReusableViewCell.swift */,
			);
			path = Vendors;
			sourceTree = "<group>";
		};
		36C300572B5645FF0003CBA1 /* Extensions */ = {
			isa = PBXGroup;
			children = (
				36C300582B5646070003CBA1 /* ExtensionUIView.swift */,
				36C300602B5646630003CBA1 /* ExtensionUIStackView.swift */,
				36C3005A2B56462C0003CBA1 /* ExtensionUIImageView+ImageLoader.swift */,
				36C3005C2B56463B0003CBA1 /* ExtensionData.swift */,
				36C3005E2B5646480003CBA1 /* ExtensionString.swift */,
				367F94152B57A04B00BAF633 /* ExtensionResult.swift */,
				369549692B5C1EAF00FC3155 /* ExtensionUIButtonConfiguration.swift */,
				3695496B2B5C216400FC3155 /* ExtensionUIImage.swift */,
				365D9B0B2B5E91D00032707E /* ExtensionUITableView.swift */,
			);
			path = Extensions;
			sourceTree = "<group>";
		};
		36C300622B5647570003CBA1 /* DI */ = {
			isa = PBXGroup;
			children = (
				36C300632B56475E0003CBA1 /* DI.swift */,
				36C3006E2B564A820003CBA1 /* NetworkInjectionKey.swift */,
				36C3007F2B5658BC0003CBA1 /* RepositoryInjectionkey.swift */,
				36C300842B566A170003CBA1 /* UseCaseInjectionKey.swift */,
				36C751AD2B5836AA00316715 /* StorageInjectionKey.swift */,
			);
			path = DI;
			sourceTree = "<group>";
		};
		36C300652B5647A30003CBA1 /* Network */ = {
			isa = PBXGroup;
			children = (
				36C300752B5654BB0003CBA1 /* Endpoints */,
				36C3006A2B5648860003CBA1 /* Requestable.swift */,
				36C3006C2B564A1F0003CBA1 /* APIError.swift */,
				36C300662B5647F50003CBA1 /* NetworkSession.swift */,
				36C300682B56482B0003CBA1 /* NetworkService.swift */,
				36C300702B564AEC0003CBA1 /* DataTransferService.swift */,
			);
			path = Network;
			sourceTree = "<group>";
		};
		36C300752B5654BB0003CBA1 /* Endpoints */ = {
			isa = PBXGroup;
			children = (
				36C300762B5654CE0003CBA1 /* AnimalEndpoint.swift */,
				36C300B82B56987F0003CBA1 /* PhotoEndpoint.swift */,
			);
			path = Endpoints;
			sourceTree = "<group>";
		};
		36C300782B5655070003CBA1 /* Repositories */ = {
			isa = PBXGroup;
			children = (
				36C751AF2B58377400316715 /* Persistents */,
				36C300792B5655150003CBA1 /* AnimalRepository.swift */,
				36C300BA2B5699090003CBA1 /* PhotoRepository.swift */,
			);
			path = Repositories;
			sourceTree = "<group>";
		};
		36C3007B2B5658630003CBA1 /* Models */ = {
			isa = PBXGroup;
			children = (
				36C751B02B5837D900316715 /* Domain */,
				36C3007C2B5658670003CBA1 /* Responses */,
				36C300A12B5673B20003CBA1 /* ScreenState.swift */,
				36C300C02B56A8720003CBA1 /* AnimalGroup.swift */,
			);
			path = Models;
			sourceTree = "<group>";
		};
		36C3007C2B5658670003CBA1 /* Responses */ = {
			isa = PBXGroup;
			children = (
				36C3007D2B5658700003CBA1 /* AnimalResponse.swift */,
				36C300B62B5698120003CBA1 /* PhotoResponse.swift */,
				363F94A92B5A2C4500DCA79D /* AnimalCharacteristicsResponse.swift */,
			);
			path = Responses;
			sourceTree = "<group>";
		};
		36C300812B5669F20003CBA1 /* UseCases */ = {
			isa = PBXGroup;
			children = (
				36C300822B5669FF0003CBA1 /* AnimalUseCase.swift */,
				36C300BC2B56999F0003CBA1 /* PhotoUseCase.swift */,
			);
			path = UseCases;
			sourceTree = "<group>";
		};
		36C300862B566A7A0003CBA1 /* Screens */ = {
			isa = PBXGroup;
			children = (
				3676DA9D2B58E61600BCE1C0 /* Favorites Animal List */,
				3676DA982B58E42200BCE1C0 /* MainTabBar */,
				36C300A32B567CF10003CBA1 /* Animal Pictures */,
				36C300872B566A800003CBA1 /* Animal List */,
			);
			path = Screens;
			sourceTree = "<group>";
		};
		36C300872B566A800003CBA1 /* Animal List */ = {
			isa = PBXGroup;
			children = (
				36C3008F2B566C8E0003CBA1 /* Subviews */,
				36C300882B566A8C0003CBA1 /* AnimalListViewController.swift */,
				36C3008A2B566A940003CBA1 /* AnimalListViewModel.swift */,
			);
			path = "Animal List";
			sourceTree = "<group>";
		};
		36C3008C2B566B6C0003CBA1 /* Base */ = {
			isa = PBXGroup;
			children = (
				36C300242B563FC00003CBA1 /* ViewController.swift */,
				36C3008D2B566B750003CBA1 /* ViewModel.swift */,
			);
			path = Base;
			sourceTree = "<group>";
		};
		36C3008F2B566C8E0003CBA1 /* Subviews */ = {
			isa = PBXGroup;
			children = (
				36C300902B566CA40003CBA1 /* AnimalListItemCell.swift */,
				36C300BE2B56A5410003CBA1 /* AnimalListHeaderView.swift */,
			);
			path = Subviews;
			sourceTree = "<group>";
		};
		36C300942B56706B0003CBA1 /* Resources */ = {
			isa = PBXGroup;
			children = (
				36C300952B5670A30003CBA1 /* Fonts */,
				36C3002C2B563FC10003CBA1 /* Assets.xcassets */,
				36C300312B563FC10003CBA1 /* Info.plist */,
			);
			path = Resources;
			sourceTree = "<group>";
		};
		36C300952B5670A30003CBA1 /* Fonts */ = {
			isa = PBXGroup;
			children = (
				36C300962B5670B70003CBA1 /* Poppins-Bold.ttf */,
				36C300972B5670B70003CBA1 /* Poppins-Medium.ttf */,
				36C300982B5670B70003CBA1 /* Poppins-Regular.ttf */,
				36C300992B5670B70003CBA1 /* Poppins-SemiBold.ttf */,
			);
			path = Fonts;
			sourceTree = "<group>";
		};
		36C3009E2B5671D80003CBA1 /* Constants */ = {
			isa = PBXGroup;
			children = (
				367F94192B57A6E000BAF633 /* ImageConstants.swift */,
				36C3009F2B5671E00003CBA1 /* FontConstants.swift */,
				36C300AD2B5684120003CBA1 /* AppConstants.swift */,
			);
			path = Constants;
			sourceTree = "<group>";
		};
		36C300A32B567CF10003CBA1 /* Animal Pictures */ = {
			isa = PBXGroup;
			children = (
				36C300AA2B567DBA0003CBA1 /* Subviews */,
				36C300A42B567D1B0003CBA1 /* AnimalPicturesViewController.swift */,
				36C300A62B567D320003CBA1 /* AnimalPicturesViewModel.swift */,
			);
			path = "Animal Pictures";
			sourceTree = "<group>";
		};
		36C300AA2B567DBA0003CBA1 /* Subviews */ = {
			isa = PBXGroup;
			children = (
				36C300B02B568B160003CBA1 /* AnimalPicturesHeaderView.swift */,
				36C300B22B568CEB0003CBA1 /* AnimalPicturesItemCell.swift */,
			);
			path = Subviews;
			sourceTree = "<group>";
		};
		36C300AF2B5686BE0003CBA1 /* Views */ = {
			isa = PBXGroup;
			children = (
				365D9B0F2B5E93910032707E /* Cells */,
				36C300AB2B5681FC0003CBA1 /* ItemView.swift */,
			);
			path = Views;
			sourceTree = "<group>";
		};
		36C7519F2B57E5BC00316715 /* Persistents */ = {
			isa = PBXGroup;
			children = (
				36C751A02B57E5C600316715 /* CoreDataStorage */,
			);
			path = Persistents;
			sourceTree = "<group>";
		};
		36C751A02B57E5C600316715 /* CoreDataStorage */ = {
			isa = PBXGroup;
			children = (
				3676DAA52B59259800BCE1C0 /* Mapping */,
				36C751A12B57E61B00316715 /* CoreDataStorage.swift */,
				36C751AA2B581B2500316715 /* CoreDataStorage.xcdatamodeld */,
			);
			path = CoreDataStorage;
			sourceTree = "<group>";
		};
		36C751AF2B58377400316715 /* Persistents */ = {
			isa = PBXGroup;
			children = (
				36C751A82B57EFCC00316715 /* AnimalEntityStorage.swift */,
			);
			path = Persistents;
			sourceTree = "<group>";
		};
		36C751B02B5837D900316715 /* Domain */ = {
			isa = PBXGroup;
			children = (
				36C751B12B5837F200316715 /* AnimalModel.swift */,
				36C751B32B58380000316715 /* AnimalPhoto.swift */,
				363F94A52B5A293600DCA79D /* AnimalCharacteristicsModel.swift */,
				365D9B052B5E55B70032707E /* AnimalPhotoList.swift */,
			);
			path = Domain;
			sourceTree = "<group>";
		};
/* End PBXGroup section */

/* Begin PBXNativeTarget section */
		36C3001C2B563FC00003CBA1 /* AnimalLibrary */ = {
			isa = PBXNativeTarget;
			buildConfigurationList = 36C3004A2B563FC10003CBA1 /* Build configuration list for PBXNativeTarget "AnimalLibrary" */;
			buildPhases = (
				55E4C4A9D335EB8BD2813B7C /* [CP] Check Pods Manifest.lock */,
				36C300192B563FC00003CBA1 /* Sources */,
				36C3001A2B563FC00003CBA1 /* Frameworks */,
				36C3001B2B563FC00003CBA1 /* Resources */,
				AA810484D478EE68C8723BEC /* [CP] Embed Pods Frameworks */,
			);
			buildRules = (
			);
			dependencies = (
			);
			name = AnimalLibrary;
			productName = AnimalLibrary;
			productReference = 36C3001D2B563FC00003CBA1 /* AnimalLibrary.app */;
			productType = "com.apple.product-type.application";
		};
		36C300352B563FC10003CBA1 /* AnimalLibraryTests */ = {
			isa = PBXNativeTarget;
			buildConfigurationList = 36C3004D2B563FC10003CBA1 /* Build configuration list for PBXNativeTarget "AnimalLibraryTests" */;
			buildPhases = (
				53EAFD3FBC41FC7E50FC0088 /* [CP] Check Pods Manifest.lock */,
				36C300322B563FC10003CBA1 /* Sources */,
				36C300332B563FC10003CBA1 /* Frameworks */,
				36C300342B563FC10003CBA1 /* Resources */,
			);
			buildRules = (
			);
			dependencies = (
				36C300382B563FC10003CBA1 /* PBXTargetDependency */,
			);
			name = AnimalLibraryTests;
			productName = AnimalLibraryTests;
			productReference = 36C300362B563FC10003CBA1 /* AnimalLibraryTests.xctest */;
			productType = "com.apple.product-type.bundle.unit-test";
		};
		36C3003F2B563FC10003CBA1 /* AnimalLibraryUITests */ = {
			isa = PBXNativeTarget;
			buildConfigurationList = 36C300502B563FC10003CBA1 /* Build configuration list for PBXNativeTarget "AnimalLibraryUITests" */;
			buildPhases = (
				4E4DF627D9A31C3E709C2DB8 /* [CP] Check Pods Manifest.lock */,
				36C3003C2B563FC10003CBA1 /* Sources */,
				36C3003D2B563FC10003CBA1 /* Frameworks */,
				36C3003E2B563FC10003CBA1 /* Resources */,
			);
			buildRules = (
			);
			dependencies = (
				36C300422B563FC10003CBA1 /* PBXTargetDependency */,
			);
			name = AnimalLibraryUITests;
			productName = AnimalLibraryUITests;
			productReference = 36C300402B563FC10003CBA1 /* AnimalLibraryUITests.xctest */;
			productType = "com.apple.product-type.bundle.ui-testing";
		};
/* End PBXNativeTarget section */

/* Begin PBXProject section */
		36C300152B563FC00003CBA1 /* Project object */ = {
			isa = PBXProject;
			attributes = {
				BuildIndependentTargetsInParallel = 1;
				LastSwiftUpdateCheck = 1500;
				LastUpgradeCheck = 1500;
				TargetAttributes = {
					36C3001C2B563FC00003CBA1 = {
						CreatedOnToolsVersion = 15.0.1;
					};
					36C300352B563FC10003CBA1 = {
						CreatedOnToolsVersion = 15.0.1;
						TestTargetID = 36C3001C2B563FC00003CBA1;
					};
					36C3003F2B563FC10003CBA1 = {
						CreatedOnToolsVersion = 15.0.1;
						TestTargetID = 36C3001C2B563FC00003CBA1;
					};
				};
			};
			buildConfigurationList = 36C300182B563FC00003CBA1 /* Build configuration list for PBXProject "AnimalLibrary" */;
			compatibilityVersion = "Xcode 14.0";
			developmentRegion = en;
			hasScannedForEncodings = 0;
			knownRegions = (
				en,
				Base,
			);
			mainGroup = 36C300142B563FC00003CBA1;
			productRefGroup = 36C3001E2B563FC00003CBA1 /* Products */;
			projectDirPath = "";
			projectRoot = "";
			targets = (
				36C3001C2B563FC00003CBA1 /* AnimalLibrary */,
				36C300352B563FC10003CBA1 /* AnimalLibraryTests */,
				36C3003F2B563FC10003CBA1 /* AnimalLibraryUITests */,
			);
		};
/* End PBXProject section */

/* Begin PBXResourcesBuildPhase section */
		36C3001B2B563FC00003CBA1 /* Resources */ = {
			isa = PBXResourcesBuildPhase;
			buildActionMask = 2147483647;
			files = (
				36C300302B563FC10003CBA1 /* LaunchScreen.storyboard in Resources */,
				36C3009D2B5670B70003CBA1 /* Poppins-SemiBold.ttf in Resources */,
				36C3002D2B563FC10003CBA1 /* Assets.xcassets in Resources */,
				36C300282B563FC00003CBA1 /* Main.storyboard in Resources */,
				36C3009C2B5670B70003CBA1 /* Poppins-Regular.ttf in Resources */,
				36C3009A2B5670B70003CBA1 /* Poppins-Bold.ttf in Resources */,
				36C3009B2B5670B70003CBA1 /* Poppins-Medium.ttf in Resources */,
			);
			runOnlyForDeploymentPostprocessing = 0;
		};
		36C300342B563FC10003CBA1 /* Resources */ = {
			isa = PBXResourcesBuildPhase;
			buildActionMask = 2147483647;
			files = (
			);
			runOnlyForDeploymentPostprocessing = 0;
		};
		36C3003E2B563FC10003CBA1 /* Resources */ = {
			isa = PBXResourcesBuildPhase;
			buildActionMask = 2147483647;
			files = (
			);
			runOnlyForDeploymentPostprocessing = 0;
		};
/* End PBXResourcesBuildPhase section */

/* Begin PBXShellScriptBuildPhase section */
		4E4DF627D9A31C3E709C2DB8 /* [CP] Check Pods Manifest.lock */ = {
			isa = PBXShellScriptBuildPhase;
			buildActionMask = 2147483647;
			files = (
			);
			inputFileListPaths = (
			);
			inputPaths = (
				"${PODS_PODFILE_DIR_PATH}/Podfile.lock",
				"${PODS_ROOT}/Manifest.lock",
			);
			name = "[CP] Check Pods Manifest.lock";
			outputFileListPaths = (
			);
			outputPaths = (
				"$(DERIVED_FILE_DIR)/Pods-AnimalLibraryUITests-checkManifestLockResult.txt",
			);
			runOnlyForDeploymentPostprocessing = 0;
			shellPath = /bin/sh;
			shellScript = "diff \"${PODS_PODFILE_DIR_PATH}/Podfile.lock\" \"${PODS_ROOT}/Manifest.lock\" > /dev/null\nif [ $? != 0 ] ; then\n    # print error to STDERR\n    echo \"error: The sandbox is not in sync with the Podfile.lock. Run 'pod install' or update your CocoaPods installation.\" >&2\n    exit 1\nfi\n# This output is used by Xcode 'outputs' to avoid re-running this script phase.\necho \"SUCCESS\" > \"${SCRIPT_OUTPUT_FILE_0}\"\n";
			showEnvVarsInLog = 0;
		};
		53EAFD3FBC41FC7E50FC0088 /* [CP] Check Pods Manifest.lock */ = {
			isa = PBXShellScriptBuildPhase;
			buildActionMask = 2147483647;
			files = (
			);
			inputFileListPaths = (
			);
			inputPaths = (
				"${PODS_PODFILE_DIR_PATH}/Podfile.lock",
				"${PODS_ROOT}/Manifest.lock",
			);
			name = "[CP] Check Pods Manifest.lock";
			outputFileListPaths = (
			);
			outputPaths = (
				"$(DERIVED_FILE_DIR)/Pods-AnimalLibraryTests-checkManifestLockResult.txt",
			);
			runOnlyForDeploymentPostprocessing = 0;
			shellPath = /bin/sh;
			shellScript = "diff \"${PODS_PODFILE_DIR_PATH}/Podfile.lock\" \"${PODS_ROOT}/Manifest.lock\" > /dev/null\nif [ $? != 0 ] ; then\n    # print error to STDERR\n    echo \"error: The sandbox is not in sync with the Podfile.lock. Run 'pod install' or update your CocoaPods installation.\" >&2\n    exit 1\nfi\n# This output is used by Xcode 'outputs' to avoid re-running this script phase.\necho \"SUCCESS\" > \"${SCRIPT_OUTPUT_FILE_0}\"\n";
			showEnvVarsInLog = 0;
		};
		55E4C4A9D335EB8BD2813B7C /* [CP] Check Pods Manifest.lock */ = {
			isa = PBXShellScriptBuildPhase;
			buildActionMask = 2147483647;
			files = (
			);
			inputFileListPaths = (
			);
			inputPaths = (
				"${PODS_PODFILE_DIR_PATH}/Podfile.lock",
				"${PODS_ROOT}/Manifest.lock",
			);
			name = "[CP] Check Pods Manifest.lock";
			outputFileListPaths = (
			);
			outputPaths = (
				"$(DERIVED_FILE_DIR)/Pods-AnimalLibrary-checkManifestLockResult.txt",
			);
			runOnlyForDeploymentPostprocessing = 0;
			shellPath = /bin/sh;
			shellScript = "diff \"${PODS_PODFILE_DIR_PATH}/Podfile.lock\" \"${PODS_ROOT}/Manifest.lock\" > /dev/null\nif [ $? != 0 ] ; then\n    # print error to STDERR\n    echo \"error: The sandbox is not in sync with the Podfile.lock. Run 'pod install' or update your CocoaPods installation.\" >&2\n    exit 1\nfi\n# This output is used by Xcode 'outputs' to avoid re-running this script phase.\necho \"SUCCESS\" > \"${SCRIPT_OUTPUT_FILE_0}\"\n";
			showEnvVarsInLog = 0;
		};
		AA810484D478EE68C8723BEC /* [CP] Embed Pods Frameworks */ = {
			isa = PBXShellScriptBuildPhase;
			buildActionMask = 2147483647;
			files = (
			);
			inputFileListPaths = (
				"${PODS_ROOT}/Target Support Files/Pods-AnimalLibrary/Pods-AnimalLibrary-frameworks-${CONFIGURATION}-input-files.xcfilelist",
			);
			name = "[CP] Embed Pods Frameworks";
			outputFileListPaths = (
				"${PODS_ROOT}/Target Support Files/Pods-AnimalLibrary/Pods-AnimalLibrary-frameworks-${CONFIGURATION}-output-files.xcfilelist",
			);
			runOnlyForDeploymentPostprocessing = 0;
			shellPath = /bin/sh;
			shellScript = "\"${PODS_ROOT}/Target Support Files/Pods-AnimalLibrary/Pods-AnimalLibrary-frameworks.sh\"\n";
			showEnvVarsInLog = 0;
		};
/* End PBXShellScriptBuildPhase section */

/* Begin PBXSourcesBuildPhase section */
		36C300192B563FC00003CBA1 /* Sources */ = {
			isa = PBXSourcesBuildPhase;
			buildActionMask = 2147483647;
			files = (
				36C300A52B567D1B0003CBA1 /* AnimalPicturesViewController.swift in Sources */,
				36C3006B2B5648860003CBA1 /* Requestable.swift in Sources */,
				36C300592B5646070003CBA1 /* ExtensionUIView.swift in Sources */,
				36C300C12B56A8720003CBA1 /* AnimalGroup.swift in Sources */,
				36C300612B5646630003CBA1 /* ExtensionUIStackView.swift in Sources */,
				36C751AC2B581B2500316715 /* CoreDataStorage.xcdatamodeld in Sources */,
				36C300AE2B5684120003CBA1 /* AppConstants.swift in Sources */,
				36C300252B563FC00003CBA1 /* ViewController.swift in Sources */,
				36C300BF2B56A5410003CBA1 /* AnimalListHeaderView.swift in Sources */,
				36C300A72B567D320003CBA1 /* AnimalPicturesViewModel.swift in Sources */,
				36C751B22B5837F200316715 /* AnimalModel.swift in Sources */,
				3676DA9F2B58E62900BCE1C0 /* FavoritesAnimalViewController.swift in Sources */,
				36C300642B56475E0003CBA1 /* DI.swift in Sources */,
				36C3008E2B566B750003CBA1 /* ViewModel.swift in Sources */,
				36C300B92B56987F0003CBA1 /* PhotoEndpoint.swift in Sources */,
				36C300212B563FC00003CBA1 /* AppDelegate.swift in Sources */,
				36C300562B5645BE0003CBA1 /* Then.swift in Sources */,
				367F941A2B57A6E000BAF633 /* ImageConstants.swift in Sources */,
				36C300852B566A170003CBA1 /* UseCaseInjectionKey.swift in Sources */,
				36C300B12B568B160003CBA1 /* AnimalPicturesHeaderView.swift in Sources */,
				367F94162B57A04B00BAF633 /* ExtensionResult.swift in Sources */,
				365D9B062B5E55B70032707E /* AnimalPhotoList.swift in Sources */,
				36C3006D2B564A1F0003CBA1 /* APIError.swift in Sources */,
				36C300932B566E0A0003CBA1 /* ReusableViewCell.swift in Sources */,
				36C300912B566CA40003CBA1 /* AnimalListItemCell.swift in Sources */,
				36C3005F2B5646480003CBA1 /* ExtensionString.swift in Sources */,
				36C751A92B57EFCC00316715 /* AnimalEntityStorage.swift in Sources */,
				36C3006F2B564A820003CBA1 /* NetworkInjectionKey.swift in Sources */,
				36C300B72B5698120003CBA1 /* PhotoResponse.swift in Sources */,
				363F94A62B5A293600DCA79D /* AnimalCharacteristicsModel.swift in Sources */,
				365D9B0A2B5E8F540032707E /* FavoritesAnimalDropDownMenuView.swift in Sources */,
				3676DAAC2B59283D00BCE1C0 /* FavoritesAnimalHeaderView.swift in Sources */,
				36C3005D2B56463B0003CBA1 /* ExtensionData.swift in Sources */,
				3676DAA12B58E63000BCE1C0 /* FavoritesAnimalViewModel.swift in Sources */,
				36C300BB2B5699090003CBA1 /* PhotoRepository.swift in Sources */,
				36C300802B5658BC0003CBA1 /* RepositoryInjectionkey.swift in Sources */,
				36C300772B5654CE0003CBA1 /* AnimalEndpoint.swift in Sources */,
				36C300672B5647F50003CBA1 /* NetworkSession.swift in Sources */,
				36C751A22B57E61B00316715 /* CoreDataStorage.swift in Sources */,
				36C751AE2B5836AA00316715 /* StorageInjectionKey.swift in Sources */,
				36C3005B2B56462C0003CBA1 /* ExtensionUIImageView+ImageLoader.swift in Sources */,
				365D9B0C2B5E91D00032707E /* ExtensionUITableView.swift in Sources */,
				36C300692B56482B0003CBA1 /* NetworkService.swift in Sources */,
				36C3007E2B5658700003CBA1 /* AnimalResponse.swift in Sources */,
				363F94AA2B5A2C4500DCA79D /* AnimalCharacteristicsResponse.swift in Sources */,
				36C300232B563FC00003CBA1 /* SceneDelegate.swift in Sources */,
				36C3008B2B566A940003CBA1 /* AnimalListViewModel.swift in Sources */,
				36C300A02B5671E00003CBA1 /* FontConstants.swift in Sources */,
				36C300BD2B56999F0003CBA1 /* PhotoUseCase.swift in Sources */,
				36C300A22B5673B20003CBA1 /* ScreenState.swift in Sources */,
				365D9B0E2B5E93040032707E /* SingleLabelCell.swift in Sources */,
				36C300832B5669FF0003CBA1 /* AnimalUseCase.swift in Sources */,
				36C3007A2B5655150003CBA1 /* AnimalRepository.swift in Sources */,
				3676DAA92B5925BC00BCE1C0 /* AnimalPhotoEntityMapping.swift in Sources */,
				3676DAA72B5925A500BCE1C0 /* AnimalEntityMapping.swift in Sources */,
				3695496C2B5C216400FC3155 /* ExtensionUIImage.swift in Sources */,
				3676DA9A2B58E43000BCE1C0 /* MainTabBarController.swift in Sources */,
				36C300AC2B5681FC0003CBA1 /* ItemView.swift in Sources */,
				36C751B42B58380000316715 /* AnimalPhoto.swift in Sources */,
				3695496A2B5C1EAF00FC3155 /* ExtensionUIButtonConfiguration.swift in Sources */,
				363F94A82B5A2A4B00DCA79D /* AnimalCharacteristicsEntityMapping.swift in Sources */,
				36C300892B566A8C0003CBA1 /* AnimalListViewController.swift in Sources */,
				36C300712B564AEC0003CBA1 /* DataTransferService.swift in Sources */,
				36C300B32B568CEB0003CBA1 /* AnimalPicturesItemCell.swift in Sources */,
			);
			runOnlyForDeploymentPostprocessing = 0;
		};
		36C300322B563FC10003CBA1 /* Sources */ = {
			isa = PBXSourcesBuildPhase;
			buildActionMask = 2147483647;
			files = (
				367F940E2B579EF100BAF633 /* ExtensionXCTestCase.swift in Sources */,
				369549722B5C26C600FC3155 /* AnimalModelMock.swift in Sources */,
				365D9B042B5E4F2A0032707E /* FavoritesAnimalViewModelTest.swift in Sources */,
				369549642B5C1CE300FC3155 /* AnimalListHeaderViewTest.swift in Sources */,
				3695496E2B5C223500FC3155 /* AnimalPhotoMock.swift in Sources */,
				363F94B22B5A8D4300DCA79D /* AnimalRespositoryMockImpl.swift in Sources */,
				363F94B62B5A943F00DCA79D /* AnimalListViewModelTest.swift in Sources */,
				369549742B5C2B8400FC3155 /* AnimalEntityStorageMockImpl.swift in Sources */,
				369549622B5BF65C00FC3155 /* AnimalListItemCellTest.swift in Sources */,
				365D9B082B5E65FC0032707E /* AnimalPicturesViewControllerTest.swift in Sources */,
				367F94182B57A16E00BAF633 /* DataTransferServiceTest.swift in Sources */,
				367F94092B579EA400BAF633 /* AnimalResponseMock.swift in Sources */,
				363F94AE2B5A8CFA00DCA79D /* AnimalUseCaseImplTest.swift in Sources */,
				367F940B2B579EC700BAF633 /* PhotoListResponseMock.swift in Sources */,
				369549702B5C25DC00FC3155 /* AnimalPicturesHeaderViewTest.swift in Sources */,
				36C3003B2B563FC10003CBA1 /* AnimalLibraryTests.swift in Sources */,
				369549782B5C2BC100FC3155 /* PhotoRepositoryMockImpl.swift in Sources */,
				363F94B82B5A9BDA00DCA79D /* AnimalListViewControllerTest.swift in Sources */,
				369549762B5C2B9F00FC3155 /* PhotoUseCaseImplTest.swift in Sources */,
				365D9B022B5E46940032707E /* FavoritesAnimalHeaderView.swift in Sources */,
				367F94142B579F7800BAF633 /* NetworkServiceImplTest.swift in Sources */,
				367841622B5CCBA600E629BC /* AnimalPicturesViewModelTest.swift in Sources */,
				369549682B5C1E9000FC3155 /* AnimalPicturesItemCellTest.swift in Sources */,
				367F94122B579F1B00BAF633 /* NetworkSessionMockImpl.swift in Sources */,
			);
			runOnlyForDeploymentPostprocessing = 0;
		};
		36C3003C2B563FC10003CBA1 /* Sources */ = {
			isa = PBXSourcesBuildPhase;
			buildActionMask = 2147483647;
			files = (
				36C300472B563FC10003CBA1 /* AnimalLibraryUITestsLaunchTests.swift in Sources */,
				36C300452B563FC10003CBA1 /* AnimalLibraryUITests.swift in Sources */,
			);
			runOnlyForDeploymentPostprocessing = 0;
		};
/* End PBXSourcesBuildPhase section */

/* Begin PBXTargetDependency section */
		36C300382B563FC10003CBA1 /* PBXTargetDependency */ = {
			isa = PBXTargetDependency;
			target = 36C3001C2B563FC00003CBA1 /* AnimalLibrary */;
			targetProxy = 36C300372B563FC10003CBA1 /* PBXContainerItemProxy */;
		};
		36C300422B563FC10003CBA1 /* PBXTargetDependency */ = {
			isa = PBXTargetDependency;
			target = 36C3001C2B563FC00003CBA1 /* AnimalLibrary */;
			targetProxy = 36C300412B563FC10003CBA1 /* PBXContainerItemProxy */;
		};
/* End PBXTargetDependency section */

/* Begin PBXVariantGroup section */
		36C300262B563FC00003CBA1 /* Main.storyboard */ = {
			isa = PBXVariantGroup;
			children = (
				36C300272B563FC00003CBA1 /* Base */,
			);
			name = Main.storyboard;
			sourceTree = "<group>";
		};
		36C3002E2B563FC10003CBA1 /* LaunchScreen.storyboard */ = {
			isa = PBXVariantGroup;
			children = (
				36C3002F2B563FC10003CBA1 /* Base */,
			);
			name = LaunchScreen.storyboard;
			sourceTree = "<group>";
		};
/* End PBXVariantGroup section */

/* Begin XCBuildConfiguration section */
		36C300482B563FC10003CBA1 /* Debug */ = {
			isa = XCBuildConfiguration;
			buildSettings = {
				ALWAYS_SEARCH_USER_PATHS = NO;
				ASSETCATALOG_COMPILER_GENERATE_SWIFT_ASSET_SYMBOL_EXTENSIONS = YES;
				CLANG_ANALYZER_NONNULL = YES;
				CLANG_ANALYZER_NUMBER_OBJECT_CONVERSION = YES_AGGRESSIVE;
				CLANG_CXX_LANGUAGE_STANDARD = "gnu++20";
				CLANG_ENABLE_MODULES = YES;
				CLANG_ENABLE_OBJC_ARC = YES;
				CLANG_ENABLE_OBJC_WEAK = YES;
				CLANG_WARN_BLOCK_CAPTURE_AUTORELEASING = YES;
				CLANG_WARN_BOOL_CONVERSION = YES;
				CLANG_WARN_COMMA = YES;
				CLANG_WARN_CONSTANT_CONVERSION = YES;
				CLANG_WARN_DEPRECATED_OBJC_IMPLEMENTATIONS = YES;
				CLANG_WARN_DIRECT_OBJC_ISA_USAGE = YES_ERROR;
				CLANG_WARN_DOCUMENTATION_COMMENTS = YES;
				CLANG_WARN_EMPTY_BODY = YES;
				CLANG_WARN_ENUM_CONVERSION = YES;
				CLANG_WARN_INFINITE_RECURSION = YES;
				CLANG_WARN_INT_CONVERSION = YES;
				CLANG_WARN_NON_LITERAL_NULL_CONVERSION = YES;
				CLANG_WARN_OBJC_IMPLICIT_RETAIN_SELF = YES;
				CLANG_WARN_OBJC_LITERAL_CONVERSION = YES;
				CLANG_WARN_OBJC_ROOT_CLASS = YES_ERROR;
				CLANG_WARN_QUOTED_INCLUDE_IN_FRAMEWORK_HEADER = YES;
				CLANG_WARN_RANGE_LOOP_ANALYSIS = YES;
				CLANG_WARN_STRICT_PROTOTYPES = YES;
				CLANG_WARN_SUSPICIOUS_MOVE = YES;
				CLANG_WARN_UNGUARDED_AVAILABILITY = YES_AGGRESSIVE;
				CLANG_WARN_UNREACHABLE_CODE = YES;
				CLANG_WARN__DUPLICATE_METHOD_MATCH = YES;
				COPY_PHASE_STRIP = NO;
				DEBUG_INFORMATION_FORMAT = dwarf;
				ENABLE_STRICT_OBJC_MSGSEND = YES;
				ENABLE_TESTABILITY = YES;
				ENABLE_USER_SCRIPT_SANDBOXING = NO;
				GCC_C_LANGUAGE_STANDARD = gnu17;
				GCC_DYNAMIC_NO_PIC = NO;
				GCC_NO_COMMON_BLOCKS = YES;
				GCC_OPTIMIZATION_LEVEL = 0;
				GCC_PREPROCESSOR_DEFINITIONS = (
					"DEBUG=1",
					"$(inherited)",
				);
				GCC_WARN_64_TO_32_BIT_CONVERSION = YES;
				GCC_WARN_ABOUT_RETURN_TYPE = YES_ERROR;
				GCC_WARN_UNDECLARED_SELECTOR = YES;
				GCC_WARN_UNINITIALIZED_AUTOS = YES_AGGRESSIVE;
				GCC_WARN_UNUSED_FUNCTION = YES;
				GCC_WARN_UNUSED_VARIABLE = YES;
				IPHONEOS_DEPLOYMENT_TARGET = 17.0;
				LOCALIZATION_PREFERS_STRING_CATALOGS = YES;
				MTL_ENABLE_DEBUG_INFO = INCLUDE_SOURCE;
				MTL_FAST_MATH = YES;
				ONLY_ACTIVE_ARCH = YES;
				SDKROOT = iphoneos;
				SWIFT_ACTIVE_COMPILATION_CONDITIONS = "DEBUG $(inherited)";
				SWIFT_OPTIMIZATION_LEVEL = "-Onone";
			};
			name = Debug;
		};
		36C300492B563FC10003CBA1 /* Release */ = {
			isa = XCBuildConfiguration;
			buildSettings = {
				ALWAYS_SEARCH_USER_PATHS = NO;
				ASSETCATALOG_COMPILER_GENERATE_SWIFT_ASSET_SYMBOL_EXTENSIONS = YES;
				CLANG_ANALYZER_NONNULL = YES;
				CLANG_ANALYZER_NUMBER_OBJECT_CONVERSION = YES_AGGRESSIVE;
				CLANG_CXX_LANGUAGE_STANDARD = "gnu++20";
				CLANG_ENABLE_MODULES = YES;
				CLANG_ENABLE_OBJC_ARC = YES;
				CLANG_ENABLE_OBJC_WEAK = YES;
				CLANG_WARN_BLOCK_CAPTURE_AUTORELEASING = YES;
				CLANG_WARN_BOOL_CONVERSION = YES;
				CLANG_WARN_COMMA = YES;
				CLANG_WARN_CONSTANT_CONVERSION = YES;
				CLANG_WARN_DEPRECATED_OBJC_IMPLEMENTATIONS = YES;
				CLANG_WARN_DIRECT_OBJC_ISA_USAGE = YES_ERROR;
				CLANG_WARN_DOCUMENTATION_COMMENTS = YES;
				CLANG_WARN_EMPTY_BODY = YES;
				CLANG_WARN_ENUM_CONVERSION = YES;
				CLANG_WARN_INFINITE_RECURSION = YES;
				CLANG_WARN_INT_CONVERSION = YES;
				CLANG_WARN_NON_LITERAL_NULL_CONVERSION = YES;
				CLANG_WARN_OBJC_IMPLICIT_RETAIN_SELF = YES;
				CLANG_WARN_OBJC_LITERAL_CONVERSION = YES;
				CLANG_WARN_OBJC_ROOT_CLASS = YES_ERROR;
				CLANG_WARN_QUOTED_INCLUDE_IN_FRAMEWORK_HEADER = YES;
				CLANG_WARN_RANGE_LOOP_ANALYSIS = YES;
				CLANG_WARN_STRICT_PROTOTYPES = YES;
				CLANG_WARN_SUSPICIOUS_MOVE = YES;
				CLANG_WARN_UNGUARDED_AVAILABILITY = YES_AGGRESSIVE;
				CLANG_WARN_UNREACHABLE_CODE = YES;
				CLANG_WARN__DUPLICATE_METHOD_MATCH = YES;
				COPY_PHASE_STRIP = NO;
				DEBUG_INFORMATION_FORMAT = "dwarf-with-dsym";
				ENABLE_NS_ASSERTIONS = NO;
				ENABLE_STRICT_OBJC_MSGSEND = YES;
				ENABLE_USER_SCRIPT_SANDBOXING = NO;
				GCC_C_LANGUAGE_STANDARD = gnu17;
				GCC_NO_COMMON_BLOCKS = YES;
				GCC_WARN_64_TO_32_BIT_CONVERSION = YES;
				GCC_WARN_ABOUT_RETURN_TYPE = YES_ERROR;
				GCC_WARN_UNDECLARED_SELECTOR = YES;
				GCC_WARN_UNINITIALIZED_AUTOS = YES_AGGRESSIVE;
				GCC_WARN_UNUSED_FUNCTION = YES;
				GCC_WARN_UNUSED_VARIABLE = YES;
				IPHONEOS_DEPLOYMENT_TARGET = 17.0;
				LOCALIZATION_PREFERS_STRING_CATALOGS = YES;
				MTL_ENABLE_DEBUG_INFO = NO;
				MTL_FAST_MATH = YES;
				SDKROOT = iphoneos;
				SWIFT_COMPILATION_MODE = wholemodule;
				VALIDATE_PRODUCT = YES;
			};
			name = Release;
		};
		36C3004B2B563FC10003CBA1 /* Debug */ = {
			isa = XCBuildConfiguration;
			baseConfigurationReference = D5623884B97E676D16276865 /* Pods-AnimalLibrary.debug.xcconfig */;
			buildSettings = {
				ASSETCATALOG_COMPILER_APPICON_NAME = AppIcon;
				ASSETCATALOG_COMPILER_GLOBAL_ACCENT_COLOR_NAME = AccentColor;
				CODE_SIGN_STYLE = Automatic;
				CURRENT_PROJECT_VERSION = 1;
				ENABLE_USER_SCRIPT_SANDBOXING = NO;
				GENERATE_INFOPLIST_FILE = YES;
				INFOPLIST_FILE = AnimalLibrary/Resources/Info.plist;
				INFOPLIST_KEY_UIApplicationSupportsIndirectInputEvents = YES;
				INFOPLIST_KEY_UILaunchStoryboardName = LaunchScreen;
				INFOPLIST_KEY_UIMainStoryboardFile = Main;
				INFOPLIST_KEY_UISupportedInterfaceOrientations = UIInterfaceOrientationPortrait;
				INFOPLIST_KEY_UISupportedInterfaceOrientations_iPad = "UIInterfaceOrientationLandscapeLeft UIInterfaceOrientationLandscapeRight UIInterfaceOrientationPortrait UIInterfaceOrientationPortraitUpsideDown";
				LD_RUNPATH_SEARCH_PATHS = (
					"$(inherited)",
					"@executable_path/Frameworks",
				);
				MARKETING_VERSION = 1.0;
				PRODUCT_BUNDLE_IDENTIFIER = com.animal.AnimalLibrary;
				PRODUCT_NAME = "$(TARGET_NAME)";
				SWIFT_EMIT_LOC_STRINGS = YES;
				SWIFT_VERSION = 5.0;
				TARGETED_DEVICE_FAMILY = "1,2";
			};
			name = Debug;
		};
		36C3004C2B563FC10003CBA1 /* Release */ = {
			isa = XCBuildConfiguration;
			baseConfigurationReference = 2E68A8EAA45AB6C0D3D3ECAC /* Pods-AnimalLibrary.release.xcconfig */;
			buildSettings = {
				ASSETCATALOG_COMPILER_APPICON_NAME = AppIcon;
				ASSETCATALOG_COMPILER_GLOBAL_ACCENT_COLOR_NAME = AccentColor;
				CODE_SIGN_STYLE = Automatic;
				CURRENT_PROJECT_VERSION = 1;
				ENABLE_USER_SCRIPT_SANDBOXING = NO;
				GENERATE_INFOPLIST_FILE = YES;
				INFOPLIST_FILE = AnimalLibrary/Resources/Info.plist;
				INFOPLIST_KEY_UIApplicationSupportsIndirectInputEvents = YES;
				INFOPLIST_KEY_UILaunchStoryboardName = LaunchScreen;
				INFOPLIST_KEY_UIMainStoryboardFile = Main;
				INFOPLIST_KEY_UISupportedInterfaceOrientations = UIInterfaceOrientationPortrait;
				INFOPLIST_KEY_UISupportedInterfaceOrientations_iPad = "UIInterfaceOrientationLandscapeLeft UIInterfaceOrientationLandscapeRight UIInterfaceOrientationPortrait UIInterfaceOrientationPortraitUpsideDown";
				LD_RUNPATH_SEARCH_PATHS = (
					"$(inherited)",
					"@executable_path/Frameworks",
				);
				MARKETING_VERSION = 1.0;
				PRODUCT_BUNDLE_IDENTIFIER = com.animal.AnimalLibrary;
				PRODUCT_NAME = "$(TARGET_NAME)";
				SWIFT_EMIT_LOC_STRINGS = YES;
				SWIFT_VERSION = 5.0;
				TARGETED_DEVICE_FAMILY = "1,2";
			};
			name = Release;
		};
		36C3004E2B563FC10003CBA1 /* Debug */ = {
			isa = XCBuildConfiguration;
			baseConfigurationReference = 58C00DF979185E0581505D16 /* Pods-AnimalLibraryTests.debug.xcconfig */;
			buildSettings = {
				ALWAYS_EMBED_SWIFT_STANDARD_LIBRARIES = YES;
				BUNDLE_LOADER = "$(TEST_HOST)";
				CODE_SIGN_STYLE = Automatic;
				CURRENT_PROJECT_VERSION = 1;
				ENABLE_USER_SCRIPT_SANDBOXING = NO;
				GENERATE_INFOPLIST_FILE = YES;
				IPHONEOS_DEPLOYMENT_TARGET = 17.0;
				MARKETING_VERSION = 1.0;
				PRODUCT_BUNDLE_IDENTIFIER = com.animal.AnimalLibraryTests;
				PRODUCT_NAME = "$(TARGET_NAME)";
				SWIFT_EMIT_LOC_STRINGS = NO;
				SWIFT_VERSION = 5.0;
				TARGETED_DEVICE_FAMILY = "1,2";
				TEST_HOST = "$(BUILT_PRODUCTS_DIR)/AnimalLibrary.app/$(BUNDLE_EXECUTABLE_FOLDER_PATH)/AnimalLibrary";
			};
			name = Debug;
		};
		36C3004F2B563FC10003CBA1 /* Release */ = {
			isa = XCBuildConfiguration;
			baseConfigurationReference = 31D11E31A9ACA2E874F3CEC6 /* Pods-AnimalLibraryTests.release.xcconfig */;
			buildSettings = {
				ALWAYS_EMBED_SWIFT_STANDARD_LIBRARIES = YES;
				BUNDLE_LOADER = "$(TEST_HOST)";
				CODE_SIGN_STYLE = Automatic;
				CURRENT_PROJECT_VERSION = 1;
				ENABLE_USER_SCRIPT_SANDBOXING = NO;
				GENERATE_INFOPLIST_FILE = YES;
				IPHONEOS_DEPLOYMENT_TARGET = 17.0;
				MARKETING_VERSION = 1.0;
				PRODUCT_BUNDLE_IDENTIFIER = com.animal.AnimalLibraryTests;
				PRODUCT_NAME = "$(TARGET_NAME)";
				SWIFT_EMIT_LOC_STRINGS = NO;
				SWIFT_VERSION = 5.0;
				TARGETED_DEVICE_FAMILY = "1,2";
				TEST_HOST = "$(BUILT_PRODUCTS_DIR)/AnimalLibrary.app/$(BUNDLE_EXECUTABLE_FOLDER_PATH)/AnimalLibrary";
			};
			name = Release;
		};
		36C300512B563FC10003CBA1 /* Debug */ = {
			isa = XCBuildConfiguration;
			baseConfigurationReference = 5141B0B3CE954B632E3E3819 /* Pods-AnimalLibraryUITests.debug.xcconfig */;
			buildSettings = {
				ALWAYS_EMBED_SWIFT_STANDARD_LIBRARIES = YES;
				CODE_SIGN_STYLE = Automatic;
				CURRENT_PROJECT_VERSION = 1;
				ENABLE_USER_SCRIPT_SANDBOXING = NO;
				GENERATE_INFOPLIST_FILE = YES;
				MARKETING_VERSION = 1.0;
				PRODUCT_BUNDLE_IDENTIFIER = com.animal.AnimalLibraryUITests;
				PRODUCT_NAME = "$(TARGET_NAME)";
				SWIFT_EMIT_LOC_STRINGS = NO;
				SWIFT_VERSION = 5.0;
				TARGETED_DEVICE_FAMILY = "1,2";
				TEST_TARGET_NAME = AnimalLibrary;
			};
			name = Debug;
		};
		36C300522B563FC10003CBA1 /* Release */ = {
			isa = XCBuildConfiguration;
			baseConfigurationReference = 7281449004508D683ABB8997 /* Pods-AnimalLibraryUITests.release.xcconfig */;
			buildSettings = {
				ALWAYS_EMBED_SWIFT_STANDARD_LIBRARIES = YES;
				CODE_SIGN_STYLE = Automatic;
				CURRENT_PROJECT_VERSION = 1;
				ENABLE_USER_SCRIPT_SANDBOXING = NO;
				GENERATE_INFOPLIST_FILE = YES;
				MARKETING_VERSION = 1.0;
				PRODUCT_BUNDLE_IDENTIFIER = com.animal.AnimalLibraryUITests;
				PRODUCT_NAME = "$(TARGET_NAME)";
				SWIFT_EMIT_LOC_STRINGS = NO;
				SWIFT_VERSION = 5.0;
				TARGETED_DEVICE_FAMILY = "1,2";
				TEST_TARGET_NAME = AnimalLibrary;
			};
			name = Release;
		};
/* End XCBuildConfiguration section */

/* Begin XCConfigurationList section */
		36C300182B563FC00003CBA1 /* Build configuration list for PBXProject "AnimalLibrary" */ = {
			isa = XCConfigurationList;
			buildConfigurations = (
				36C300482B563FC10003CBA1 /* Debug */,
				36C300492B563FC10003CBA1 /* Release */,
			);
			defaultConfigurationIsVisible = 0;
			defaultConfigurationName = Release;
		};
		36C3004A2B563FC10003CBA1 /* Build configuration list for PBXNativeTarget "AnimalLibrary" */ = {
			isa = XCConfigurationList;
			buildConfigurations = (
				36C3004B2B563FC10003CBA1 /* Debug */,
				36C3004C2B563FC10003CBA1 /* Release */,
			);
			defaultConfigurationIsVisible = 0;
			defaultConfigurationName = Release;
		};
		36C3004D2B563FC10003CBA1 /* Build configuration list for PBXNativeTarget "AnimalLibraryTests" */ = {
			isa = XCConfigurationList;
			buildConfigurations = (
				36C3004E2B563FC10003CBA1 /* Debug */,
				36C3004F2B563FC10003CBA1 /* Release */,
			);
			defaultConfigurationIsVisible = 0;
			defaultConfigurationName = Release;
		};
		36C300502B563FC10003CBA1 /* Build configuration list for PBXNativeTarget "AnimalLibraryUITests" */ = {
			isa = XCConfigurationList;
			buildConfigurations = (
				36C300512B563FC10003CBA1 /* Debug */,
				36C300522B563FC10003CBA1 /* Release */,
			);
			defaultConfigurationIsVisible = 0;
			defaultConfigurationName = Release;
		};
/* End XCConfigurationList section */

/* Begin XCVersionGroup section */
		36C751AA2B581B2500316715 /* CoreDataStorage.xcdatamodeld */ = {
			isa = XCVersionGroup;
			children = (
				36C751AB2B581B2500316715 /* CoreDataStorage.xcdatamodel */,
			);
			currentVersion = 36C751AB2B581B2500316715 /* CoreDataStorage.xcdatamodel */;
			path = CoreDataStorage.xcdatamodeld;
			sourceTree = "<group>";
			versionGroupType = wrapper.xcdatamodel;
		};
/* End XCVersionGroup section */
	};
	rootObject = 36C300152B563FC00003CBA1 /* Project object */;
}
